// !$*UTF8*$!
{
	archiveVersion = 1;
	classes = {
	};
	objectVersion = 55;
	objects = {

/* Begin PBXBuildFile section */
		2E04BC672764517D00093D45 /* ImagePickerView in Frameworks */ = {isa = PBXBuildFile; productRef = 2E04BC662764517D00093D45 /* ImagePickerView */; };
		2E04BC692764D58100093D45 /* ModifyFileView.swift in Sources */ = {isa = PBXBuildFile; fileRef = 2E04BC682764D58100093D45 /* ModifyFileView.swift */; };
		2E04BC702765D5D300093D45 /* SPConfetti in Frameworks */ = {isa = PBXBuildFile; productRef = 2E04BC6F2765D5D300093D45 /* SPConfetti */; };
		2E4A7DD62750C9A5000CCC27 /* String+urlEncode.swift in Sources */ = {isa = PBXBuildFile; fileRef = 2E4A7DD52750C9A5000CCC27 /* String+urlEncode.swift */; };
		2E4A7DD82757BD71000CCC27 /* PublicCollectionView.swift in Sources */ = {isa = PBXBuildFile; fileRef = 2E4A7DD72757BD71000CCC27 /* PublicCollectionView.swift */; };
		2E58F87F27377A000055EA4C /* UploadView.swift in Sources */ = {isa = PBXBuildFile; fileRef = 2E58F87E27377A000055EA4C /* UploadView.swift */; };
		2E58F8812737A9DD0055EA4C /* YouView.swift in Sources */ = {isa = PBXBuildFile; fileRef = 2E58F8802737A9DD0055EA4C /* YouView.swift */; };
		2E5FB90827448DB000BA05DE /* ManageUserView.swift in Sources */ = {isa = PBXBuildFile; fileRef = 2E5FB90727448DB000BA05DE /* ManageUserView.swift */; };
		2E77D810276251FF003991DD /* SwiftUIPullToRefresh in Frameworks */ = {isa = PBXBuildFile; productRef = 2E77D80F276251FF003991DD /* SwiftUIPullToRefresh */; };
		2E77D81327625275003991DD /* Kingfisher in Frameworks */ = {isa = PBXBuildFile; productRef = 2E77D81227625275003991DD /* Kingfisher */; };
		2E89ED32273DF02E00DE77F7 /* Formatter+dates.swift in Sources */ = {isa = PBXBuildFile; fileRef = 2E89ED31273DF02E00DE77F7 /* Formatter+dates.swift */; };
		2E89ED34273DF1D700DE77F7 /* JSONDecoder+customISO8601.swift in Sources */ = {isa = PBXBuildFile; fileRef = 2E89ED33273DF1D700DE77F7 /* JSONDecoder+customISO8601.swift */; };
		2E89ED36273E3AD300DE77F7 /* NavigableUserView.swift in Sources */ = {isa = PBXBuildFile; fileRef = 2E89ED35273E3AD300DE77F7 /* NavigableUserView.swift */; };
		2E89ED38273E567300DE77F7 /* ProfileImageView.swift in Sources */ = {isa = PBXBuildFile; fileRef = 2E89ED37273E567300DE77F7 /* ProfileImageView.swift */; };
		2EAA971527341D9F005ED8A0 /* NavigableFileView.swift in Sources */ = {isa = PBXBuildFile; fileRef = 2EAA971427341D9F005ED8A0 /* NavigableFileView.swift */; };
		2EAA971727341F80005ED8A0 /* UIDevice+macpad.swift in Sources */ = {isa = PBXBuildFile; fileRef = 2EAA971627341F80005ED8A0 /* UIDevice+macpad.swift */; };
		2EAA97192736AB87005ED8A0 /* SearchView.swift in Sources */ = {isa = PBXBuildFile; fileRef = 2EAA97182736AB87005ED8A0 /* SearchView.swift */; };
		2EAA971B2736BEC0005ED8A0 /* NavigableCollectionView.swift in Sources */ = {isa = PBXBuildFile; fileRef = 2EAA971A2736BEC0005ED8A0 /* NavigableCollectionView.swift */; };
		2EB61BA7273F50CB00B265DE /* DetailedFileView.swift in Sources */ = {isa = PBXBuildFile; fileRef = 2EB61BA6273F50CB00B265DE /* DetailedFileView.swift */; };
		2EB61BAA273FF87300B265DE /* ImageDetailView.swift in Sources */ = {isa = PBXBuildFile; fileRef = 2EB61BA9273FF87300B265DE /* ImageDetailView.swift */; };
		2EB61BAF2741F0D600B265DE /* ZoomableScrollView.swift in Sources */ = {isa = PBXBuildFile; fileRef = 2EB61BAE2741F0D600B265DE /* ZoomableScrollView.swift */; };
		2ECDB31D2732B420005D81E2 /* IamagesApp.swift in Sources */ = {isa = PBXBuildFile; fileRef = 2ECDB31C2732B420005D81E2 /* IamagesApp.swift */; };
		2ECDB31F2732B420005D81E2 /* RootNavigationView.swift in Sources */ = {isa = PBXBuildFile; fileRef = 2ECDB31E2732B420005D81E2 /* RootNavigationView.swift */; };
		2ECDB3212732B422005D81E2 /* Assets.xcassets in Resources */ = {isa = PBXBuildFile; fileRef = 2ECDB3202732B422005D81E2 /* Assets.xcassets */; };
		2ECDB3242732B422005D81E2 /* Preview Assets.xcassets in Resources */ = {isa = PBXBuildFile; fileRef = 2ECDB3232732B422005D81E2 /* Preview Assets.xcassets */; };
		2ECDB32C2732B532005D81E2 /* PreferencesView.swift in Sources */ = {isa = PBXBuildFile; fileRef = 2ECDB32B2732B532005D81E2 /* PreferencesView.swift */; };
		2ED9D5EB27633E4800EEB681 /* FileThumbnailView.swift in Sources */ = {isa = PBXBuildFile; fileRef = 2ED9D5EA27633E4800EEB681 /* FileThumbnailView.swift */; };
		2EDF7E342759A317003C673B /* ShareView.swift in Sources */ = {isa = PBXBuildFile; fileRef = 2EDF7E332759A317003C673B /* ShareView.swift */; };
		2EDF7E36275A0C9D003C673B /* PublicUserView.swift in Sources */ = {isa = PBXBuildFile; fileRef = 2EDF7E35275A0C9D003C673B /* PublicUserView.swift */; };
		2EE413CA2732DB400015CDAB /* FeedView.swift in Sources */ = {isa = PBXBuildFile; fileRef = 2EE413C92732DB400015CDAB /* FeedView.swift */; };
		2EE413D02732DC860015CDAB /* KeychainAccess in Frameworks */ = {isa = PBXBuildFile; productRef = 2EE413CF2732DC860015CDAB /* KeychainAccess */; };
		2EE413D52733857D0015CDAB /* Bundle+utils.swift in Sources */ = {isa = PBXBuildFile; fileRef = 2EE413D42733857D0015CDAB /* Bundle+utils.swift */; };
		2EE413DA2733B2580015CDAB /* DataObservable.swift in Sources */ = {isa = PBXBuildFile; fileRef = 2EE413D92733B2580015CDAB /* DataObservable.swift */; };
		2EE413DD2733B3760015CDAB /* HelpLinksView.swift in Sources */ = {isa = PBXBuildFile; fileRef = 2EE413DC2733B3760015CDAB /* HelpLinksView.swift */; };
		2EE413DF2733B3C30015CDAB /* Modals.swift in Sources */ = {isa = PBXBuildFile; fileRef = 2EE413DE2733B3C30015CDAB /* Modals.swift */; };
/* End PBXBuildFile section */

/* Begin PBXFileReference section */
		2E04BC682764D58100093D45 /* ModifyFileView.swift */ = {isa = PBXFileReference; lastKnownFileType = sourcecode.swift; path = ModifyFileView.swift; sourceTree = "<group>"; };
		2E4A7DD52750C9A5000CCC27 /* String+urlEncode.swift */ = {isa = PBXFileReference; lastKnownFileType = sourcecode.swift; path = "String+urlEncode.swift"; sourceTree = "<group>"; };
		2E4A7DD72757BD71000CCC27 /* PublicCollectionView.swift */ = {isa = PBXFileReference; lastKnownFileType = sourcecode.swift; path = PublicCollectionView.swift; sourceTree = "<group>"; };
		2E58F87E27377A000055EA4C /* UploadView.swift */ = {isa = PBXFileReference; lastKnownFileType = sourcecode.swift; path = UploadView.swift; sourceTree = "<group>"; };
		2E58F8802737A9DD0055EA4C /* YouView.swift */ = {isa = PBXFileReference; lastKnownFileType = sourcecode.swift; path = YouView.swift; sourceTree = "<group>"; };
		2E5FB90727448DB000BA05DE /* ManageUserView.swift */ = {isa = PBXFileReference; lastKnownFileType = sourcecode.swift; path = ManageUserView.swift; sourceTree = "<group>"; };
		2E89ED31273DF02E00DE77F7 /* Formatter+dates.swift */ = {isa = PBXFileReference; lastKnownFileType = sourcecode.swift; path = "Formatter+dates.swift"; sourceTree = "<group>"; };
		2E89ED33273DF1D700DE77F7 /* JSONDecoder+customISO8601.swift */ = {isa = PBXFileReference; lastKnownFileType = sourcecode.swift; path = "JSONDecoder+customISO8601.swift"; sourceTree = "<group>"; };
		2E89ED35273E3AD300DE77F7 /* NavigableUserView.swift */ = {isa = PBXFileReference; lastKnownFileType = sourcecode.swift; path = NavigableUserView.swift; sourceTree = "<group>"; };
		2E89ED37273E567300DE77F7 /* ProfileImageView.swift */ = {isa = PBXFileReference; lastKnownFileType = sourcecode.swift; path = ProfileImageView.swift; sourceTree = "<group>"; };
		2EAA971427341D9F005ED8A0 /* NavigableFileView.swift */ = {isa = PBXFileReference; lastKnownFileType = sourcecode.swift; path = NavigableFileView.swift; sourceTree = "<group>"; };
		2EAA971627341F80005ED8A0 /* UIDevice+macpad.swift */ = {isa = PBXFileReference; lastKnownFileType = sourcecode.swift; path = "UIDevice+macpad.swift"; sourceTree = "<group>"; };
		2EAA97182736AB87005ED8A0 /* SearchView.swift */ = {isa = PBXFileReference; fileEncoding = 4; lastKnownFileType = sourcecode.swift; path = SearchView.swift; sourceTree = "<group>"; };
		2EAA971A2736BEC0005ED8A0 /* NavigableCollectionView.swift */ = {isa = PBXFileReference; lastKnownFileType = sourcecode.swift; path = NavigableCollectionView.swift; sourceTree = "<group>"; };
		2EB61BA6273F50CB00B265DE /* DetailedFileView.swift */ = {isa = PBXFileReference; lastKnownFileType = sourcecode.swift; path = DetailedFileView.swift; sourceTree = "<group>"; };
		2EB61BA9273FF87300B265DE /* ImageDetailView.swift */ = {isa = PBXFileReference; lastKnownFileType = sourcecode.swift; path = ImageDetailView.swift; sourceTree = "<group>"; };
		2EB61BAE2741F0D600B265DE /* ZoomableScrollView.swift */ = {isa = PBXFileReference; lastKnownFileType = sourcecode.swift; path = ZoomableScrollView.swift; sourceTree = "<group>"; };
		2ECDB3192732B420005D81E2 /* Iamages.app */ = {isa = PBXFileReference; explicitFileType = wrapper.application; includeInIndex = 0; path = Iamages.app; sourceTree = BUILT_PRODUCTS_DIR; };
		2ECDB31C2732B420005D81E2 /* IamagesApp.swift */ = {isa = PBXFileReference; lastKnownFileType = sourcecode.swift; path = IamagesApp.swift; sourceTree = "<group>"; };
		2ECDB31E2732B420005D81E2 /* RootNavigationView.swift */ = {isa = PBXFileReference; lastKnownFileType = sourcecode.swift; path = RootNavigationView.swift; sourceTree = "<group>"; };
		2ECDB3202732B422005D81E2 /* Assets.xcassets */ = {isa = PBXFileReference; lastKnownFileType = folder.assetcatalog; path = Assets.xcassets; sourceTree = "<group>"; };
		2ECDB3232732B422005D81E2 /* Preview Assets.xcassets */ = {isa = PBXFileReference; lastKnownFileType = folder.assetcatalog; path = "Preview Assets.xcassets"; sourceTree = "<group>"; };
		2ECDB32A2732B432005D81E2 /* Iamages.entitlements */ = {isa = PBXFileReference; lastKnownFileType = text.plist.entitlements; path = Iamages.entitlements; sourceTree = "<group>"; };
		2ECDB32B2732B532005D81E2 /* PreferencesView.swift */ = {isa = PBXFileReference; lastKnownFileType = sourcecode.swift; path = PreferencesView.swift; sourceTree = "<group>"; };
		2ED9D5EA27633E4800EEB681 /* FileThumbnailView.swift */ = {isa = PBXFileReference; lastKnownFileType = sourcecode.swift; path = FileThumbnailView.swift; sourceTree = "<group>"; };
		2EDF7E332759A317003C673B /* ShareView.swift */ = {isa = PBXFileReference; lastKnownFileType = sourcecode.swift; path = ShareView.swift; sourceTree = "<group>"; };
		2EDF7E35275A0C9D003C673B /* PublicUserView.swift */ = {isa = PBXFileReference; lastKnownFileType = sourcecode.swift; path = PublicUserView.swift; sourceTree = "<group>"; };
		2EE413C82732C3750015CDAB /* Info.plist */ = {isa = PBXFileReference; lastKnownFileType = text.plist; path = Info.plist; sourceTree = "<group>"; };
		2EE413C92732DB400015CDAB /* FeedView.swift */ = {isa = PBXFileReference; lastKnownFileType = sourcecode.swift; path = FeedView.swift; sourceTree = "<group>"; };
		2EE413D42733857D0015CDAB /* Bundle+utils.swift */ = {isa = PBXFileReference; lastKnownFileType = sourcecode.swift; path = "Bundle+utils.swift"; sourceTree = "<group>"; };
		2EE413D92733B2580015CDAB /* DataObservable.swift */ = {isa = PBXFileReference; lastKnownFileType = sourcecode.swift; path = DataObservable.swift; sourceTree = "<group>"; };
		2EE413DC2733B3760015CDAB /* HelpLinksView.swift */ = {isa = PBXFileReference; lastKnownFileType = sourcecode.swift; path = HelpLinksView.swift; sourceTree = "<group>"; };
		2EE413DE2733B3C30015CDAB /* Modals.swift */ = {isa = PBXFileReference; lastKnownFileType = sourcecode.swift; path = Modals.swift; sourceTree = "<group>"; };
/* End PBXFileReference section */

/* Begin PBXFrameworksBuildPhase section */
		2ECDB3162732B420005D81E2 /* Frameworks */ = {
			isa = PBXFrameworksBuildPhase;
			buildActionMask = 2147483647;
			files = (
				2E77D81327625275003991DD /* Kingfisher in Frameworks */,
				2E77D810276251FF003991DD /* SwiftUIPullToRefresh in Frameworks */,
				2EE413D02732DC860015CDAB /* KeychainAccess in Frameworks */,
				2E04BC672764517D00093D45 /* ImagePickerView in Frameworks */,
				2E04BC702765D5D300093D45 /* SPConfetti in Frameworks */,
			);
			runOnlyForDeploymentPostprocessing = 0;
		};
/* End PBXFrameworksBuildPhase section */

/* Begin PBXGroup section */
		2E04BC6A2764D59C00093D45 /* NavigableViews */ = {
			isa = PBXGroup;
			children = (
				2EAA971427341D9F005ED8A0 /* NavigableFileView.swift */,
				2EAA971A2736BEC0005ED8A0 /* NavigableCollectionView.swift */,
				2E89ED35273E3AD300DE77F7 /* NavigableUserView.swift */,
			);
			path = NavigableViews;
			sourceTree = "<group>";
		};
		2E04BC6B2764F28100093D45 /* UtilityViews */ = {
			isa = PBXGroup;
			children = (
				2EDF7E332759A317003C673B /* ShareView.swift */,
				2EE413DC2733B3760015CDAB /* HelpLinksView.swift */,
				2E89ED37273E567300DE77F7 /* ProfileImageView.swift */,
				2ED9D5EA27633E4800EEB681 /* FileThumbnailView.swift */,
				2E5FB90727448DB000BA05DE /* ManageUserView.swift */,
			);
			path = UtilityViews;
			sourceTree = "<group>";
		};
		2E04BC6C2764F7E400093D45 /* CollectionViews */ = {
			isa = PBXGroup;
			children = (
				2E4A7DD72757BD71000CCC27 /* PublicCollectionView.swift */,
			);
			path = CollectionViews;
			sourceTree = "<group>";
		};
		2E04BC6D2764F80F00093D45 /* UserViews */ = {
			isa = PBXGroup;
			children = (
				2EDF7E35275A0C9D003C673B /* PublicUserView.swift */,
			);
			path = UserViews;
			sourceTree = "<group>";
		};
		2EB61BA8273FF85300B265DE /* FileViews */ = {
			isa = PBXGroup;
			children = (
				2EB61BA6273F50CB00B265DE /* DetailedFileView.swift */,
				2EB61BA9273FF87300B265DE /* ImageDetailView.swift */,
				2EB61BAE2741F0D600B265DE /* ZoomableScrollView.swift */,
				2E04BC682764D58100093D45 /* ModifyFileView.swift */,
			);
			path = FileViews;
			sourceTree = "<group>";
		};
		2ECDB3102732B420005D81E2 = {
			isa = PBXGroup;
			children = (
				2ECDB31B2732B420005D81E2 /* Iamages */,
				2ECDB31A2732B420005D81E2 /* Products */,
			);
			sourceTree = "<group>";
		};
		2ECDB31A2732B420005D81E2 /* Products */ = {
			isa = PBXGroup;
			children = (
				2ECDB3192732B420005D81E2 /* Iamages.app */,
			);
			name = Products;
			sourceTree = "<group>";
		};
		2ECDB31B2732B420005D81E2 /* Iamages */ = {
			isa = PBXGroup;
			children = (
				2EE413D3273385570015CDAB /* Extensions */,
				2EE413D62733B2140015CDAB /* API */,
				2EE413DB2733B3540015CDAB /* Views */,
				2ECDB31C2732B420005D81E2 /* IamagesApp.swift */,
				2ECDB3202732B422005D81E2 /* Assets.xcassets */,
				2ECDB32A2732B432005D81E2 /* Iamages.entitlements */,
				2EE413C82732C3750015CDAB /* Info.plist */,
				2ECDB3222732B422005D81E2 /* Preview Content */,
			);
			path = Iamages;
			sourceTree = "<group>";
		};
		2ECDB3222732B422005D81E2 /* Preview Content */ = {
			isa = PBXGroup;
			children = (
				2ECDB3232732B422005D81E2 /* Preview Assets.xcassets */,
			);
			path = "Preview Content";
			sourceTree = "<group>";
		};
		2EE413D3273385570015CDAB /* Extensions */ = {
			isa = PBXGroup;
			children = (
				2EE413D42733857D0015CDAB /* Bundle+utils.swift */,
				2EAA971627341F80005ED8A0 /* UIDevice+macpad.swift */,
				2E89ED31273DF02E00DE77F7 /* Formatter+dates.swift */,
				2E89ED33273DF1D700DE77F7 /* JSONDecoder+customISO8601.swift */,
				2E4A7DD52750C9A5000CCC27 /* String+urlEncode.swift */,
			);
			path = Extensions;
			sourceTree = "<group>";
		};
		2EE413D62733B2140015CDAB /* API */ = {
			isa = PBXGroup;
			children = (
				2EE413DE2733B3C30015CDAB /* Modals.swift */,
				2EE413D92733B2580015CDAB /* DataObservable.swift */,
			);
			path = API;
			sourceTree = "<group>";
		};
		2EE413DB2733B3540015CDAB /* Views */ = {
			isa = PBXGroup;
			children = (
				2E04BC6B2764F28100093D45 /* UtilityViews */,
				2E04BC6D2764F80F00093D45 /* UserViews */,
				2E04BC6C2764F7E400093D45 /* CollectionViews */,
				2EB61BA8273FF85300B265DE /* FileViews */,
				2E04BC6A2764D59C00093D45 /* NavigableViews */,
				2EE413C92732DB400015CDAB /* FeedView.swift */,
				2EAA97182736AB87005ED8A0 /* SearchView.swift */,
				2E58F87E27377A000055EA4C /* UploadView.swift */,
				2E58F8802737A9DD0055EA4C /* YouView.swift */,
				2ECDB32B2732B532005D81E2 /* PreferencesView.swift */,
				2ECDB31E2732B420005D81E2 /* RootNavigationView.swift */,
			);
			path = Views;
			sourceTree = "<group>";
		};
/* End PBXGroup section */

/* Begin PBXNativeTarget section */
		2ECDB3182732B420005D81E2 /* Iamages */ = {
			isa = PBXNativeTarget;
			buildConfigurationList = 2ECDB3272732B422005D81E2 /* Build configuration list for PBXNativeTarget "Iamages" */;
			buildPhases = (
				2ECDB3152732B420005D81E2 /* Sources */,
				2ECDB3162732B420005D81E2 /* Frameworks */,
				2ECDB3172732B420005D81E2 /* Resources */,
			);
			buildRules = (
			);
			dependencies = (
			);
			name = Iamages;
			packageProductDependencies = (
				2EE413CF2732DC860015CDAB /* KeychainAccess */,
				2E77D80F276251FF003991DD /* SwiftUIPullToRefresh */,
				2E77D81227625275003991DD /* Kingfisher */,
				2E04BC662764517D00093D45 /* ImagePickerView */,
				2E04BC6F2765D5D300093D45 /* SPConfetti */,
			);
			productName = Iamages;
			productReference = 2ECDB3192732B420005D81E2 /* Iamages.app */;
			productType = "com.apple.product-type.application";
		};
/* End PBXNativeTarget section */

/* Begin PBXProject section */
		2ECDB3112732B420005D81E2 /* Project object */ = {
			isa = PBXProject;
			attributes = {
				BuildIndependentTargetsInParallel = 1;
				LastSwiftUpdateCheck = 1310;
				LastUpgradeCheck = 1310;
				TargetAttributes = {
					2ECDB3182732B420005D81E2 = {
						CreatedOnToolsVersion = 13.1;
					};
				};
			};
			buildConfigurationList = 2ECDB3142732B420005D81E2 /* Build configuration list for PBXProject "Iamages" */;
			compatibilityVersion = "Xcode 13.0";
			developmentRegion = en;
			hasScannedForEncodings = 0;
			knownRegions = (
				en,
				Base,
			);
			mainGroup = 2ECDB3102732B420005D81E2;
			packageReferences = (
				2EE413CE2732DC860015CDAB /* XCRemoteSwiftPackageReference "KeychainAccess" */,
				2E77D80E276251FF003991DD /* XCRemoteSwiftPackageReference "swiftui-pull-to-refresh" */,
				2E77D81127625275003991DD /* XCRemoteSwiftPackageReference "Kingfisher" */,
				2E04BC652764517D00093D45 /* XCRemoteSwiftPackageReference "ImagePickerView" */,
				2E04BC6E2765D5D300093D45 /* XCRemoteSwiftPackageReference "SPConfetti" */,
			);
			productRefGroup = 2ECDB31A2732B420005D81E2 /* Products */;
			projectDirPath = "";
			projectRoot = "";
			targets = (
				2ECDB3182732B420005D81E2 /* Iamages */,
			);
		};
/* End PBXProject section */

/* Begin PBXResourcesBuildPhase section */
		2ECDB3172732B420005D81E2 /* Resources */ = {
			isa = PBXResourcesBuildPhase;
			buildActionMask = 2147483647;
			files = (
				2ECDB3242732B422005D81E2 /* Preview Assets.xcassets in Resources */,
				2ECDB3212732B422005D81E2 /* Assets.xcassets in Resources */,
			);
			runOnlyForDeploymentPostprocessing = 0;
		};
/* End PBXResourcesBuildPhase section */

/* Begin PBXSourcesBuildPhase section */
		2ECDB3152732B420005D81E2 /* Sources */ = {
			isa = PBXSourcesBuildPhase;
			buildActionMask = 2147483647;
			files = (
				2ED9D5EB27633E4800EEB681 /* FileThumbnailView.swift in Sources */,
				2E58F8812737A9DD0055EA4C /* YouView.swift in Sources */,
				2EAA971527341D9F005ED8A0 /* NavigableFileView.swift in Sources */,
				2EE413CA2732DB400015CDAB /* FeedView.swift in Sources */,
				2EB61BAA273FF87300B265DE /* ImageDetailView.swift in Sources */,
				2EAA971B2736BEC0005ED8A0 /* NavigableCollectionView.swift in Sources */,
				2EB61BAF2741F0D600B265DE /* ZoomableScrollView.swift in Sources */,
				2E4A7DD82757BD71000CCC27 /* PublicCollectionView.swift in Sources */,
				2E5FB90827448DB000BA05DE /* ManageUserView.swift in Sources */,
				2E04BC692764D58100093D45 /* ModifyFileView.swift in Sources */,
				2ECDB32C2732B532005D81E2 /* PreferencesView.swift in Sources */,
				2EAA971727341F80005ED8A0 /* UIDevice+macpad.swift in Sources */,
				2EDF7E36275A0C9D003C673B /* PublicUserView.swift in Sources */,
				2EE413D52733857D0015CDAB /* Bundle+utils.swift in Sources */,
				2E4A7DD62750C9A5000CCC27 /* String+urlEncode.swift in Sources */,
				2E58F87F27377A000055EA4C /* UploadView.swift in Sources */,
				2EE413DF2733B3C30015CDAB /* Modals.swift in Sources */,
				2E89ED36273E3AD300DE77F7 /* NavigableUserView.swift in Sources */,
				2ECDB31F2732B420005D81E2 /* RootNavigationView.swift in Sources */,
				2E89ED34273DF1D700DE77F7 /* JSONDecoder+customISO8601.swift in Sources */,
				2E89ED38273E567300DE77F7 /* ProfileImageView.swift in Sources */,
				2EAA97192736AB87005ED8A0 /* SearchView.swift in Sources */,
				2ECDB31D2732B420005D81E2 /* IamagesApp.swift in Sources */,
				2EB61BA7273F50CB00B265DE /* DetailedFileView.swift in Sources */,
				2EE413DD2733B3760015CDAB /* HelpLinksView.swift in Sources */,
				2EDF7E342759A317003C673B /* ShareView.swift in Sources */,
				2EE413DA2733B2580015CDAB /* DataObservable.swift in Sources */,
				2E89ED32273DF02E00DE77F7 /* Formatter+dates.swift in Sources */,
			);
			runOnlyForDeploymentPostprocessing = 0;
		};
/* End PBXSourcesBuildPhase section */

/* Begin XCBuildConfiguration section */
		2ECDB3252732B422005D81E2 /* Debug */ = {
			isa = XCBuildConfiguration;
			buildSettings = {
				ALWAYS_SEARCH_USER_PATHS = NO;
				CLANG_ANALYZER_NONNULL = YES;
				CLANG_ANALYZER_NUMBER_OBJECT_CONVERSION = YES_AGGRESSIVE;
				CLANG_CXX_LANGUAGE_STANDARD = "gnu++17";
				CLANG_CXX_LIBRARY = "libc++";
				CLANG_ENABLE_MODULES = YES;
				CLANG_ENABLE_OBJC_ARC = YES;
				CLANG_ENABLE_OBJC_WEAK = YES;
				CLANG_WARN_BLOCK_CAPTURE_AUTORELEASING = YES;
				CLANG_WARN_BOOL_CONVERSION = YES;
				CLANG_WARN_COMMA = YES;
				CLANG_WARN_CONSTANT_CONVERSION = YES;
				CLANG_WARN_DEPRECATED_OBJC_IMPLEMENTATIONS = YES;
				CLANG_WARN_DIRECT_OBJC_ISA_USAGE = YES_ERROR;
				CLANG_WARN_DOCUMENTATION_COMMENTS = YES;
				CLANG_WARN_EMPTY_BODY = YES;
				CLANG_WARN_ENUM_CONVERSION = YES;
				CLANG_WARN_INFINITE_RECURSION = YES;
				CLANG_WARN_INT_CONVERSION = YES;
				CLANG_WARN_NON_LITERAL_NULL_CONVERSION = YES;
				CLANG_WARN_OBJC_IMPLICIT_RETAIN_SELF = YES;
				CLANG_WARN_OBJC_LITERAL_CONVERSION = YES;
				CLANG_WARN_OBJC_ROOT_CLASS = YES_ERROR;
				CLANG_WARN_QUOTED_INCLUDE_IN_FRAMEWORK_HEADER = YES;
				CLANG_WARN_RANGE_LOOP_ANALYSIS = YES;
				CLANG_WARN_STRICT_PROTOTYPES = YES;
				CLANG_WARN_SUSPICIOUS_MOVE = YES;
				CLANG_WARN_UNGUARDED_AVAILABILITY = YES_AGGRESSIVE;
				CLANG_WARN_UNREACHABLE_CODE = YES;
				CLANG_WARN__DUPLICATE_METHOD_MATCH = YES;
				COPY_PHASE_STRIP = NO;
				DEBUG_INFORMATION_FORMAT = dwarf;
				ENABLE_STRICT_OBJC_MSGSEND = YES;
				ENABLE_TESTABILITY = YES;
				GCC_C_LANGUAGE_STANDARD = gnu11;
				GCC_DYNAMIC_NO_PIC = NO;
				GCC_NO_COMMON_BLOCKS = YES;
				GCC_OPTIMIZATION_LEVEL = 0;
				GCC_PREPROCESSOR_DEFINITIONS = (
					"DEBUG=1",
					"$(inherited)",
				);
				GCC_WARN_64_TO_32_BIT_CONVERSION = YES;
				GCC_WARN_ABOUT_RETURN_TYPE = YES_ERROR;
				GCC_WARN_UNDECLARED_SELECTOR = YES;
				GCC_WARN_UNINITIALIZED_AUTOS = YES_AGGRESSIVE;
				GCC_WARN_UNUSED_FUNCTION = YES;
				GCC_WARN_UNUSED_VARIABLE = YES;
				IPHONEOS_DEPLOYMENT_TARGET = 15.0;
				MTL_ENABLE_DEBUG_INFO = INCLUDE_SOURCE;
				MTL_FAST_MATH = YES;
				ONLY_ACTIVE_ARCH = YES;
				SDKROOT = iphoneos;
				SWIFT_ACTIVE_COMPILATION_CONDITIONS = DEBUG;
				SWIFT_OPTIMIZATION_LEVEL = "-Onone";
			};
			name = Debug;
		};
		2ECDB3262732B422005D81E2 /* Release */ = {
			isa = XCBuildConfiguration;
			buildSettings = {
				ALWAYS_SEARCH_USER_PATHS = NO;
				CLANG_ANALYZER_NONNULL = YES;
				CLANG_ANALYZER_NUMBER_OBJECT_CONVERSION = YES_AGGRESSIVE;
				CLANG_CXX_LANGUAGE_STANDARD = "gnu++17";
				CLANG_CXX_LIBRARY = "libc++";
				CLANG_ENABLE_MODULES = YES;
				CLANG_ENABLE_OBJC_ARC = YES;
				CLANG_ENABLE_OBJC_WEAK = YES;
				CLANG_WARN_BLOCK_CAPTURE_AUTORELEASING = YES;
				CLANG_WARN_BOOL_CONVERSION = YES;
				CLANG_WARN_COMMA = YES;
				CLANG_WARN_CONSTANT_CONVERSION = YES;
				CLANG_WARN_DEPRECATED_OBJC_IMPLEMENTATIONS = YES;
				CLANG_WARN_DIRECT_OBJC_ISA_USAGE = YES_ERROR;
				CLANG_WARN_DOCUMENTATION_COMMENTS = YES;
				CLANG_WARN_EMPTY_BODY = YES;
				CLANG_WARN_ENUM_CONVERSION = YES;
				CLANG_WARN_INFINITE_RECURSION = YES;
				CLANG_WARN_INT_CONVERSION = YES;
				CLANG_WARN_NON_LITERAL_NULL_CONVERSION = YES;
				CLANG_WARN_OBJC_IMPLICIT_RETAIN_SELF = YES;
				CLANG_WARN_OBJC_LITERAL_CONVERSION = YES;
				CLANG_WARN_OBJC_ROOT_CLASS = YES_ERROR;
				CLANG_WARN_QUOTED_INCLUDE_IN_FRAMEWORK_HEADER = YES;
				CLANG_WARN_RANGE_LOOP_ANALYSIS = YES;
				CLANG_WARN_STRICT_PROTOTYPES = YES;
				CLANG_WARN_SUSPICIOUS_MOVE = YES;
				CLANG_WARN_UNGUARDED_AVAILABILITY = YES_AGGRESSIVE;
				CLANG_WARN_UNREACHABLE_CODE = YES;
				CLANG_WARN__DUPLICATE_METHOD_MATCH = YES;
				COPY_PHASE_STRIP = NO;
				DEBUG_INFORMATION_FORMAT = "dwarf-with-dsym";
				ENABLE_NS_ASSERTIONS = NO;
				ENABLE_STRICT_OBJC_MSGSEND = YES;
				GCC_C_LANGUAGE_STANDARD = gnu11;
				GCC_NO_COMMON_BLOCKS = YES;
				GCC_WARN_64_TO_32_BIT_CONVERSION = YES;
				GCC_WARN_ABOUT_RETURN_TYPE = YES_ERROR;
				GCC_WARN_UNDECLARED_SELECTOR = YES;
				GCC_WARN_UNINITIALIZED_AUTOS = YES_AGGRESSIVE;
				GCC_WARN_UNUSED_FUNCTION = YES;
				GCC_WARN_UNUSED_VARIABLE = YES;
				IPHONEOS_DEPLOYMENT_TARGET = 15.0;
				MTL_ENABLE_DEBUG_INFO = NO;
				MTL_FAST_MATH = YES;
				SDKROOT = iphoneos;
				SWIFT_COMPILATION_MODE = wholemodule;
				SWIFT_OPTIMIZATION_LEVEL = "-O";
				VALIDATE_PRODUCT = YES;
			};
			name = Release;
		};
		2ECDB3282732B422005D81E2 /* Debug */ = {
			isa = XCBuildConfiguration;
			buildSettings = {
				ASSETCATALOG_COMPILER_APPICON_NAME = AppIcon;
				ASSETCATALOG_COMPILER_GLOBAL_ACCENT_COLOR_NAME = AccentColor;
				CODE_SIGN_ENTITLEMENTS = Iamages/Iamages.entitlements;
				CODE_SIGN_STYLE = Automatic;
				CURRENT_PROJECT_VERSION = 1;
				DEVELOPMENT_ASSET_PATHS = "\"Iamages/Preview Content\"";
				DEVELOPMENT_TEAM = 2VZNUT7D2E;
				"ENABLE_HARDENED_RUNTIME[sdk=macosx*]" = YES;
				ENABLE_PREVIEWS = YES;
				GENERATE_INFOPLIST_FILE = YES;
				INFOPLIST_FILE = Iamages/Info.plist;
				INFOPLIST_KEY_LSApplicationCategoryType = "public.app-category.social-networking";
				INFOPLIST_KEY_NSPhotoLibraryAddUsageDescription = "This will be used to save the photo in your library.";
				INFOPLIST_KEY_UIApplicationSupportsIndirectInputEvents = YES;
				INFOPLIST_KEY_UILaunchScreen_Generation = YES;
				INFOPLIST_KEY_UISupportedInterfaceOrientations_iPad = "UIInterfaceOrientationPortrait UIInterfaceOrientationPortraitUpsideDown UIInterfaceOrientationLandscapeLeft UIInterfaceOrientationLandscapeRight";
				INFOPLIST_KEY_UISupportedInterfaceOrientations_iPhone = "UIInterfaceOrientationPortrait UIInterfaceOrientationLandscapeLeft UIInterfaceOrientationLandscapeRight";
				LD_RUNPATH_SEARCH_PATHS = (
					"$(inherited)",
					"@executable_path/Frameworks",
				);
				MARKETING_VERSION = 1.0;
				PRODUCT_BUNDLE_IDENTIFIER = me.jkelol111.Iamages;
				PRODUCT_NAME = "$(TARGET_NAME)";
				SUPPORTS_MACCATALYST = YES;
				SWIFT_EMIT_LOC_STRINGS = YES;
				SWIFT_VERSION = 5.0;
				TARGETED_DEVICE_FAMILY = "1,2";
			};
			name = Debug;
		};
		2ECDB3292732B422005D81E2 /* Release */ = {
			isa = XCBuildConfiguration;
			buildSettings = {
				ASSETCATALOG_COMPILER_APPICON_NAME = AppIcon;
				ASSETCATALOG_COMPILER_GLOBAL_ACCENT_COLOR_NAME = AccentColor;
				CODE_SIGN_ENTITLEMENTS = Iamages/Iamages.entitlements;
				CODE_SIGN_STYLE = Automatic;
				CURRENT_PROJECT_VERSION = 1;
				DEVELOPMENT_ASSET_PATHS = "\"Iamages/Preview Content\"";
				DEVELOPMENT_TEAM = 2VZNUT7D2E;
				"ENABLE_HARDENED_RUNTIME[sdk=macosx*]" = YES;
				ENABLE_PREVIEWS = YES;
				GENERATE_INFOPLIST_FILE = YES;
				INFOPLIST_FILE = Iamages/Info.plist;
				INFOPLIST_KEY_LSApplicationCategoryType = "public.app-category.social-networking";
				INFOPLIST_KEY_NSPhotoLibraryAddUsageDescription = "This will be used to save the photo in your library.";
				INFOPLIST_KEY_UIApplicationSupportsIndirectInputEvents = YES;
				INFOPLIST_KEY_UILaunchScreen_Generation = YES;
				INFOPLIST_KEY_UISupportedInterfaceOrientations_iPad = "UIInterfaceOrientationPortrait UIInterfaceOrientationPortraitUpsideDown UIInterfaceOrientationLandscapeLeft UIInterfaceOrientationLandscapeRight";
				INFOPLIST_KEY_UISupportedInterfaceOrientations_iPhone = "UIInterfaceOrientationPortrait UIInterfaceOrientationLandscapeLeft UIInterfaceOrientationLandscapeRight";
				LD_RUNPATH_SEARCH_PATHS = (
					"$(inherited)",
					"@executable_path/Frameworks",
				);
				MARKETING_VERSION = 1.0;
				PRODUCT_BUNDLE_IDENTIFIER = me.jkelol111.Iamages;
				PRODUCT_NAME = "$(TARGET_NAME)";
				SUPPORTS_MACCATALYST = YES;
				SWIFT_EMIT_LOC_STRINGS = YES;
				SWIFT_VERSION = 5.0;
				TARGETED_DEVICE_FAMILY = "1,2";
			};
			name = Release;
		};
/* End XCBuildConfiguration section */

/* Begin XCConfigurationList section */
		2ECDB3142732B420005D81E2 /* Build configuration list for PBXProject "Iamages" */ = {
			isa = XCConfigurationList;
			buildConfigurations = (
				2ECDB3252732B422005D81E2 /* Debug */,
				2ECDB3262732B422005D81E2 /* Release */,
			);
			defaultConfigurationIsVisible = 0;
			defaultConfigurationName = Release;
		};
		2ECDB3272732B422005D81E2 /* Build configuration list for PBXNativeTarget "Iamages" */ = {
			isa = XCConfigurationList;
			buildConfigurations = (
				2ECDB3282732B422005D81E2 /* Debug */,
				2ECDB3292732B422005D81E2 /* Release */,
			);
			defaultConfigurationIsVisible = 0;
			defaultConfigurationName = Release;
		};
/* End XCConfigurationList section */

/* Begin XCRemoteSwiftPackageReference section */
		2E04BC652764517D00093D45 /* XCRemoteSwiftPackageReference "ImagePickerView" */ = {
			isa = XCRemoteSwiftPackageReference;
			repositoryURL = "https://github.com/rebeloper/ImagePickerView.git";
			requirement = {
				kind = upToNextMajorVersion;
				minimumVersion = 0.2.2;
			};
		};
		2E04BC6E2765D5D300093D45 /* XCRemoteSwiftPackageReference "SPConfetti" */ = {
			isa = XCRemoteSwiftPackageReference;
			repositoryURL = "https://github.com/ivanvorobei/SPConfetti";
			requirement = {
				kind = upToNextMajorVersion;
				minimumVersion = 1.0.0;
			};
		};
		2E77D80E276251FF003991DD /* XCRemoteSwiftPackageReference "swiftui-pull-to-refresh" */ = {
			isa = XCRemoteSwiftPackageReference;
			repositoryURL = "https://github.com/globulus/swiftui-pull-to-refresh";
			requirement = {
				kind = upToNextMajorVersion;
				minimumVersion = 1.0.0;
			};
		};
		2E77D81127625275003991DD /* XCRemoteSwiftPackageReference "Kingfisher" */ = {
			isa = XCRemoteSwiftPackageReference;
			repositoryURL = "https://github.com/onevcat/Kingfisher.git";
			requirement = {
				kind = upToNextMajorVersion;
				minimumVersion = 7.0.0;
			};
		};
		2EE413CE2732DC860015CDAB /* XCRemoteSwiftPackageReference "KeychainAccess" */ = {
			isa = XCRemoteSwiftPackageReference;
			repositoryURL = "https://github.com/kishikawakatsumi/KeychainAccess.git";
			requirement = {
				kind = upToNextMajorVersion;
				minimumVersion = 4.0.0;
			};
		};
/* End XCRemoteSwiftPackageReference section */

/* Begin XCSwiftPackageProductDependency section */
		2E04BC662764517D00093D45 /* ImagePickerView */ = {
			isa = XCSwiftPackageProductDependency;
			package = 2E04BC652764517D00093D45 /* XCRemoteSwiftPackageReference "ImagePickerView" */;
			productName = ImagePickerView;
		};
		2E04BC6F2765D5D300093D45 /* SPConfetti */ = {
			isa = XCSwiftPackageProductDependency;
			package = 2E04BC6E2765D5D300093D45 /* XCRemoteSwiftPackageReference "SPConfetti" */;
			productName = SPConfetti;
		};
		2E77D80F276251FF003991DD /* SwiftUIPullToRefresh */ = {
			isa = XCSwiftPackageProductDependency;
			package = 2E77D80E276251FF003991DD /* XCRemoteSwiftPackageReference "swiftui-pull-to-refresh" */;
			productName = SwiftUIPullToRefresh;
		};
		2E77D81227625275003991DD /* Kingfisher */ = {
			isa = XCSwiftPackageProductDependency;
			package = 2E77D81127625275003991DD /* XCRemoteSwiftPackageReference "Kingfisher" */;
			productName = Kingfisher;
		};
		2EE413CF2732DC860015CDAB /* KeychainAccess */ = {
			isa = XCSwiftPackageProductDependency;
			package = 2EE413CE2732DC860015CDAB /* XCRemoteSwiftPackageReference "KeychainAccess" */;
			productName = KeychainAccess;
		};
/* End XCSwiftPackageProductDependency section */
	};
	rootObject = 2ECDB3112732B420005D81E2 /* Project object */;
}
