// !$*UTF8*$!
{
	archiveVersion = 1;
	classes = {
	};
	objectVersion = 55;
	objects = {

/* Begin PBXBuildFile section */
		2E22D5E7278F0DE300D3582D /* WidgetKit.framework in Frameworks */ = {isa = PBXBuildFile; fileRef = 2E22D5E6278F0DE300D3582D /* WidgetKit.framework */; };
		2E22D5E9278F0DE300D3582D /* SwiftUI.framework in Frameworks */ = {isa = PBXBuildFile; fileRef = 2E22D5E8278F0DE300D3582D /* SwiftUI.framework */; };
		2E22D5EC278F0DE400D3582D /* FeedWidget.swift in Sources */ = {isa = PBXBuildFile; fileRef = 2E22D5EB278F0DE400D3582D /* FeedWidget.swift */; };
		2E22D5EE278F0DE500D3582D /* Assets.xcassets in Resources */ = {isa = PBXBuildFile; fileRef = 2E22D5ED278F0DE500D3582D /* Assets.xcassets */; };
		2E22D5F2278F0DE500D3582D /* FeedWidgetExtension.appex in Embed App Extensions */ = {isa = PBXBuildFile; fileRef = 2E22D5E4278F0DE300D3582D /* FeedWidgetExtension.appex */; settings = {ATTRIBUTES = (RemoveHeadersOnCopy, ); }; };
		2E22D5F8278F0F4700D3582D /* Modals.swift in Sources */ = {isa = PBXBuildFile; fileRef = 2EF4F16327784BE300E64446 /* Modals.swift */; };
		2E22D5FA278F0F6500D3582D /* Formatter+dates.swift in Sources */ = {isa = PBXBuildFile; fileRef = 2EF4F16C27784C0100E64446 /* Formatter+dates.swift */; };
		2E22D5FB278F0F6500D3582D /* JSONDecoder+customISO8601.swift in Sources */ = {isa = PBXBuildFile; fileRef = 2EF4F16927784C0100E64446 /* JSONDecoder+customISO8601.swift */; };
		2E22D6032791991500D3582D /* FeedWidget.intentdefinition in Sources */ = {isa = PBXBuildFile; fileRef = 2E22D6012791991500D3582D /* FeedWidget.intentdefinition */; };
		2E3BF3F12791C45900A6E8AB /* FeedWidget.intentdefinition in Sources */ = {isa = PBXBuildFile; fileRef = 2E22D6012791991500D3582D /* FeedWidget.intentdefinition */; settings = {ATTRIBUTES = (no_codegen, ); }; };
		2E3BF3F72792D5BE00A6E8AB /* FileManager+sizeOfFile.swift in Sources */ = {isa = PBXBuildFile; fileRef = 2E3BF3F62792D5BE00A6E8AB /* FileManager+sizeOfFile.swift */; };
		2E84B16E27795E030006458A /* RemovedSuggestView.swift in Sources */ = {isa = PBXBuildFile; fileRef = 2E84B16D27795E030006458A /* RemovedSuggestView.swift */; };
		2E84B1702779B4870006458A /* TogglesHelpView.swift in Sources */ = {isa = PBXBuildFile; fileRef = 2E84B16F2779B4870006458A /* TogglesHelpView.swift */; };
		2E8AC2FA279E3BB0001D6770 /* YouWidgetExtension.appex in Embed App Extensions */ = {isa = PBXBuildFile; fileRef = 2EEE1D00279BA37C00ADFDB1 /* YouWidgetExtension.appex */; settings = {ATTRIBUTES = (RemoveHeadersOnCopy, ); }; };
		2E8AC2FF279E404F001D6770 /* KeychainSwift in Frameworks */ = {isa = PBXBuildFile; productRef = 2E8AC2FE279E404F001D6770 /* KeychainSwift */; };
		2E8AC301279E4075001D6770 /* KeychainSwift in Frameworks */ = {isa = PBXBuildFile; productRef = 2E8AC300279E4075001D6770 /* KeychainSwift */; };
		2E8AF0CE27C70F2C002A90C2 /* StoreKit.framework in Frameworks */ = {isa = PBXBuildFile; fileRef = 2E8AF0CD27C70F2C002A90C2 /* StoreKit.framework */; };
		2E8E94F227A027070053AA75 /* ShareViewController.swift in Sources */ = {isa = PBXBuildFile; fileRef = 2E8E94F127A027070053AA75 /* ShareViewController.swift */; };
		2E8E94F527A027070053AA75 /* MainInterface.storyboard in Resources */ = {isa = PBXBuildFile; fileRef = 2E8E94F327A027070053AA75 /* MainInterface.storyboard */; };
		2E8E94F927A027070053AA75 /* ShareExtension.appex in Embed App Extensions */ = {isa = PBXBuildFile; fileRef = 2E8E94EF27A027070053AA75 /* ShareExtension.appex */; platformFilter = ios; settings = {ATTRIBUTES = (RemoveHeadersOnCopy, ); }; };
		2E8E950127A034DB0053AA75 /* Modals.swift in Sources */ = {isa = PBXBuildFile; fileRef = 2EF4F16327784BE300E64446 /* Modals.swift */; };
		2E8E950527A037060053AA75 /* KeychainSwift in Frameworks */ = {isa = PBXBuildFile; productRef = 2E8E950427A037060053AA75 /* KeychainSwift */; };
		2EB252D6277B33B9009A17DC /* NewCollectionView.swift in Sources */ = {isa = PBXBuildFile; fileRef = 2EB252D5277B33B9009A17DC /* NewCollectionView.swift */; };
		2EE3196D2781E321005B83B0 /* UploadingFilesListView.swift in Sources */ = {isa = PBXBuildFile; fileRef = 2EE3196C2781E321005B83B0 /* UploadingFilesListView.swift */; };
		2EE3196F2781E7B4005B83B0 /* UploadingNewCollectionView.swift in Sources */ = {isa = PBXBuildFile; fileRef = 2EE3196E2781E7B4005B83B0 /* UploadingNewCollectionView.swift */; };
		2EEE1D01279BA37C00ADFDB1 /* WidgetKit.framework in Frameworks */ = {isa = PBXBuildFile; fileRef = 2E22D5E6278F0DE300D3582D /* WidgetKit.framework */; };
		2EEE1D02279BA37C00ADFDB1 /* SwiftUI.framework in Frameworks */ = {isa = PBXBuildFile; fileRef = 2E22D5E8278F0DE300D3582D /* SwiftUI.framework */; };
		2EEE1D05279BA37C00ADFDB1 /* YouWidget.swift in Sources */ = {isa = PBXBuildFile; fileRef = 2EEE1D04279BA37C00ADFDB1 /* YouWidget.swift */; };
		2EEE1D07279BA37E00ADFDB1 /* Assets.xcassets in Resources */ = {isa = PBXBuildFile; fileRef = 2EEE1D06279BA37E00ADFDB1 /* Assets.xcassets */; };
		2EEE1D10279BA45700ADFDB1 /* JSONDecoder+customISO8601.swift in Sources */ = {isa = PBXBuildFile; fileRef = 2EF4F16927784C0100E64446 /* JSONDecoder+customISO8601.swift */; };
		2EEE1D11279BA45700ADFDB1 /* Formatter+dates.swift in Sources */ = {isa = PBXBuildFile; fileRef = 2EF4F16C27784C0100E64446 /* Formatter+dates.swift */; };
		2EEE1D12279BA93D00ADFDB1 /* Modals.swift in Sources */ = {isa = PBXBuildFile; fileRef = 2EF4F16327784BE300E64446 /* Modals.swift */; };
		2EEE1D1F279D869F00ADFDB1 /* WidgetFileThumbnailView.swift in Sources */ = {isa = PBXBuildFile; fileRef = 2EEE1D1D279D869400ADFDB1 /* WidgetFileThumbnailView.swift */; };
		2EEE1D20279D869F00ADFDB1 /* WidgetFileThumbnailView.swift in Sources */ = {isa = PBXBuildFile; fileRef = 2EEE1D1D279D869400ADFDB1 /* WidgetFileThumbnailView.swift */; };
		2EEE1D25279D88C200ADFDB1 /* String+urlEncode.swift in Sources */ = {isa = PBXBuildFile; fileRef = 2EF4F16B27784C0100E64446 /* String+urlEncode.swift */; };
		2EF4F15927784B8300E64446 /* Assets.xcassets in Resources */ = {isa = PBXBuildFile; fileRef = 2EF4F15827784B8300E64446 /* Assets.xcassets */; };
		2EF4F15C27784B8300E64446 /* Preview Assets.xcassets in Resources */ = {isa = PBXBuildFile; fileRef = 2EF4F15B27784B8300E64446 /* Preview Assets.xcassets */; };
		2EF4F16527784BE300E64446 /* Modals.swift in Sources */ = {isa = PBXBuildFile; fileRef = 2EF4F16327784BE300E64446 /* Modals.swift */; };
		2EF4F16627784BE300E64446 /* DataObservable.swift in Sources */ = {isa = PBXBuildFile; fileRef = 2EF4F16427784BE300E64446 /* DataObservable.swift */; };
		2EF4F16E27784C0100E64446 /* JSONDecoder+customISO8601.swift in Sources */ = {isa = PBXBuildFile; fileRef = 2EF4F16927784C0100E64446 /* JSONDecoder+customISO8601.swift */; };
		2EF4F16F27784C0100E64446 /* Bundle+utils.swift in Sources */ = {isa = PBXBuildFile; fileRef = 2EF4F16A27784C0100E64446 /* Bundle+utils.swift */; };
		2EF4F17027784C0100E64446 /* String+urlEncode.swift in Sources */ = {isa = PBXBuildFile; fileRef = 2EF4F16B27784C0100E64446 /* String+urlEncode.swift */; };
		2EF4F17127784C0100E64446 /* Formatter+dates.swift in Sources */ = {isa = PBXBuildFile; fileRef = 2EF4F16C27784C0100E64446 /* Formatter+dates.swift */; };
		2EF4F19627784C0900E64446 /* NavigableModifyUploadRequestView.swift in Sources */ = {isa = PBXBuildFile; fileRef = 2EF4F17527784C0900E64446 /* NavigableModifyUploadRequestView.swift */; };
		2EF4F19727784C0900E64446 /* ModifyUploadRequestView.swift in Sources */ = {isa = PBXBuildFile; fileRef = 2EF4F17627784C0900E64446 /* ModifyUploadRequestView.swift */; };
		2EF4F19827784C0900E64446 /* SearchView.swift in Sources */ = {isa = PBXBuildFile; fileRef = 2EF4F17727784C0900E64446 /* SearchView.swift */; };
		2EF4F19927784C0900E64446 /* FileThumbnailView.swift in Sources */ = {isa = PBXBuildFile; fileRef = 2EF4F17927784C0900E64446 /* FileThumbnailView.swift */; };
		2EF4F19A27784C0900E64446 /* ProfileImageView.swift in Sources */ = {isa = PBXBuildFile; fileRef = 2EF4F17A27784C0900E64446 /* ProfileImageView.swift */; };
		2EF4F19B27784C0900E64446 /* PhotosPickerView.swift in Sources */ = {isa = PBXBuildFile; fileRef = 2EF4F17B27784C0900E64446 /* PhotosPickerView.swift */; };
		2EF4F19C27784C0900E64446 /* ShareView.swift in Sources */ = {isa = PBXBuildFile; fileRef = 2EF4F17C27784C0900E64446 /* ShareView.swift */; };
		2EF4F19D27784C0900E64446 /* HelpLinksView.swift in Sources */ = {isa = PBXBuildFile; fileRef = 2EF4F17D27784C0900E64446 /* HelpLinksView.swift */; };
		2EF4F19E27784C0900E64446 /* ZoomableScrollView.swift in Sources */ = {isa = PBXBuildFile; fileRef = 2EF4F17E27784C0900E64446 /* ZoomableScrollView.swift */; };
		2EF4F19F27784C0900E64446 /* URLPickerView.swift in Sources */ = {isa = PBXBuildFile; fileRef = 2EF4F17F27784C0900E64446 /* URLPickerView.swift */; };
		2EF4F1A027784C0900E64446 /* NavigableFileView.swift in Sources */ = {isa = PBXBuildFile; fileRef = 2EF4F18127784C0900E64446 /* NavigableFileView.swift */; };
		2EF4F1A127784C0900E64446 /* FileInfoView.swift in Sources */ = {isa = PBXBuildFile; fileRef = 2EF4F18227784C0900E64446 /* FileInfoView.swift */; };
		2EF4F1A227784C0900E64446 /* ModifyFileInfoView.swift in Sources */ = {isa = PBXBuildFile; fileRef = 2EF4F18327784C0900E64446 /* ModifyFileInfoView.swift */; };
		2EF4F1A327784C0900E64446 /* FileView.swift in Sources */ = {isa = PBXBuildFile; fileRef = 2EF4F18427784C0900E64446 /* FileView.swift */; };
		2EF4F1A427784C0900E64446 /* PreferencesView.swift in Sources */ = {isa = PBXBuildFile; fileRef = 2EF4F18527784C0900E64446 /* PreferencesView.swift */; };
		2EF4F1A527784C0900E64446 /* UserCollectionPickerView.swift in Sources */ = {isa = PBXBuildFile; fileRef = 2EF4F18727784C0900E64446 /* UserCollectionPickerView.swift */; };
		2EF4F1A627784C0900E64446 /* NavigableUserView.swift in Sources */ = {isa = PBXBuildFile; fileRef = 2EF4F18827784C0900E64446 /* NavigableUserView.swift */; };
		2EF4F1A727784C0900E64446 /* PublicUserView.swift in Sources */ = {isa = PBXBuildFile; fileRef = 2EF4F18927784C0900E64446 /* PublicUserView.swift */; };
		2EF4F1A827784C0900E64446 /* ManageUserView.swift in Sources */ = {isa = PBXBuildFile; fileRef = 2EF4F18A27784C0900E64446 /* ManageUserView.swift */; };
		2EF4F1A927784C0900E64446 /* UserSearchView.swift in Sources */ = {isa = PBXBuildFile; fileRef = 2EF4F18B27784C0900E64446 /* UserSearchView.swift */; };
		2EF4F1AA27784C0900E64446 /* YouView.swift in Sources */ = {isa = PBXBuildFile; fileRef = 2EF4F18C27784C0900E64446 /* YouView.swift */; };
		2EF4F1AB27784C0900E64446 /* UploadView.swift in Sources */ = {isa = PBXBuildFile; fileRef = 2EF4F18D27784C0900E64446 /* UploadView.swift */; };
		2EF4F1AC27784C0900E64446 /* CollectionInfoView.swift in Sources */ = {isa = PBXBuildFile; fileRef = 2EF4F18F27784C0900E64446 /* CollectionInfoView.swift */; };
		2EF4F1AD27784C0900E64446 /* NavigableCollectionFilesListView.swift in Sources */ = {isa = PBXBuildFile; fileRef = 2EF4F19027784C0900E64446 /* NavigableCollectionFilesListView.swift */; };
		2EF4F1AE27784C0900E64446 /* ModifyCollectionInfoView.swift in Sources */ = {isa = PBXBuildFile; fileRef = 2EF4F19127784C0900E64446 /* ModifyCollectionInfoView.swift */; };
		2EF4F1AF27784C0900E64446 /* CollectionFilesListView.swift in Sources */ = {isa = PBXBuildFile; fileRef = 2EF4F19227784C0900E64446 /* CollectionFilesListView.swift */; };
		2EF4F1B027784C0900E64446 /* FeedView.swift in Sources */ = {isa = PBXBuildFile; fileRef = 2EF4F19327784C0900E64446 /* FeedView.swift */; };
		2EF4F1B127784C0900E64446 /* RootNavigationView.swift in Sources */ = {isa = PBXBuildFile; fileRef = 2EF4F19427784C0900E64446 /* RootNavigationView.swift */; };
		2EF4F1B327784C1500E64446 /* IamagesApp.swift in Sources */ = {isa = PBXBuildFile; fileRef = 2EF4F1B227784C1400E64446 /* IamagesApp.swift */; };
		2EF4F1B627784C5300E64446 /* Kingfisher in Frameworks */ = {isa = PBXBuildFile; productRef = 2EF4F1B527784C5300E64446 /* Kingfisher */; };
		2EF4F1B927784C6400E64446 /* SPConfetti in Frameworks */ = {isa = PBXBuildFile; productRef = 2EF4F1B827784C6400E64446 /* SPConfetti */; };
		2EFB09832785768A00041F49 /* View+utils.swift in Sources */ = {isa = PBXBuildFile; fileRef = 2EFB09822785768A00041F49 /* View+utils.swift */; };
/* End PBXBuildFile section */

/* Begin PBXContainerItemProxy section */
		2E22D5F0278F0DE500D3582D /* PBXContainerItemProxy */ = {
			isa = PBXContainerItemProxy;
			containerPortal = 2EF4F14927784B8100E64446 /* Project object */;
			proxyType = 1;
			remoteGlobalIDString = 2E22D5E3278F0DE300D3582D;
			remoteInfo = FeedWidgetExtension;
		};
		2E8AC2FB279E3BB0001D6770 /* PBXContainerItemProxy */ = {
			isa = PBXContainerItemProxy;
			containerPortal = 2EF4F14927784B8100E64446 /* Project object */;
			proxyType = 1;
			remoteGlobalIDString = 2EEE1CFF279BA37C00ADFDB1;
			remoteInfo = YouWidgetExtension;
		};
		2E8E94F727A027070053AA75 /* PBXContainerItemProxy */ = {
			isa = PBXContainerItemProxy;
			containerPortal = 2EF4F14927784B8100E64446 /* Project object */;
			proxyType = 1;
			remoteGlobalIDString = 2E8E94EE27A027070053AA75;
			remoteInfo = ShareExtension;
		};
/* End PBXContainerItemProxy section */

/* Begin PBXCopyFilesBuildPhase section */
		2E22D5F4278F0DE500D3582D /* Embed App Extensions */ = {
			isa = PBXCopyFilesBuildPhase;
			buildActionMask = 2147483647;
			dstPath = "";
			dstSubfolderSpec = 13;
			files = (
				2E8E94F927A027070053AA75 /* ShareExtension.appex in Embed App Extensions */,
				2E8AC2FA279E3BB0001D6770 /* YouWidgetExtension.appex in Embed App Extensions */,
				2E22D5F2278F0DE500D3582D /* FeedWidgetExtension.appex in Embed App Extensions */,
			);
			name = "Embed App Extensions";
			runOnlyForDeploymentPostprocessing = 0;
		};
/* End PBXCopyFilesBuildPhase section */

/* Begin PBXFileReference section */
		2E22D5E4278F0DE300D3582D /* FeedWidgetExtension.appex */ = {isa = PBXFileReference; explicitFileType = "wrapper.app-extension"; includeInIndex = 0; path = FeedWidgetExtension.appex; sourceTree = BUILT_PRODUCTS_DIR; };
		2E22D5E6278F0DE300D3582D /* WidgetKit.framework */ = {isa = PBXFileReference; lastKnownFileType = wrapper.framework; name = WidgetKit.framework; path = System/Library/Frameworks/WidgetKit.framework; sourceTree = SDKROOT; };
		2E22D5E8278F0DE300D3582D /* SwiftUI.framework */ = {isa = PBXFileReference; lastKnownFileType = wrapper.framework; name = SwiftUI.framework; path = System/Library/Frameworks/SwiftUI.framework; sourceTree = SDKROOT; };
		2E22D5EB278F0DE400D3582D /* FeedWidget.swift */ = {isa = PBXFileReference; lastKnownFileType = sourcecode.swift; path = FeedWidget.swift; sourceTree = "<group>"; };
		2E22D5ED278F0DE500D3582D /* Assets.xcassets */ = {isa = PBXFileReference; lastKnownFileType = folder.assetcatalog; path = Assets.xcassets; sourceTree = "<group>"; };
		2E22D5EF278F0DE500D3582D /* Info.plist */ = {isa = PBXFileReference; lastKnownFileType = text.plist.xml; path = Info.plist; sourceTree = "<group>"; };
		2E22D5F3278F0DE500D3582D /* FeedWidgetExtension.entitlements */ = {isa = PBXFileReference; lastKnownFileType = text.plist.entitlements; path = FeedWidgetExtension.entitlements; sourceTree = "<group>"; };
		2E22D6012791991500D3582D /* FeedWidget.intentdefinition */ = {isa = PBXFileReference; lastKnownFileType = file.intentdefinition; path = FeedWidget.intentdefinition; sourceTree = "<group>"; };
		2E3BF3F62792D5BE00A6E8AB /* FileManager+sizeOfFile.swift */ = {isa = PBXFileReference; lastKnownFileType = sourcecode.swift; path = "FileManager+sizeOfFile.swift"; sourceTree = "<group>"; };
		2E7344FC277A92480076E672 /* Info.plist */ = {isa = PBXFileReference; lastKnownFileType = text.plist; path = Info.plist; sourceTree = "<group>"; };
		2E84B16D27795E030006458A /* RemovedSuggestView.swift */ = {isa = PBXFileReference; lastKnownFileType = sourcecode.swift; path = RemovedSuggestView.swift; sourceTree = "<group>"; };
		2E84B16F2779B4870006458A /* TogglesHelpView.swift */ = {isa = PBXFileReference; lastKnownFileType = sourcecode.swift; path = TogglesHelpView.swift; sourceTree = "<group>"; };
		2E8AF0CD27C70F2C002A90C2 /* StoreKit.framework */ = {isa = PBXFileReference; lastKnownFileType = wrapper.framework; name = StoreKit.framework; path = System/Library/Frameworks/StoreKit.framework; sourceTree = SDKROOT; };
		2E8E94EF27A027070053AA75 /* ShareExtension.appex */ = {isa = PBXFileReference; explicitFileType = "wrapper.app-extension"; includeInIndex = 0; path = ShareExtension.appex; sourceTree = BUILT_PRODUCTS_DIR; };
		2E8E94F127A027070053AA75 /* ShareViewController.swift */ = {isa = PBXFileReference; lastKnownFileType = sourcecode.swift; path = ShareViewController.swift; sourceTree = "<group>"; };
		2E8E94F427A027070053AA75 /* Base */ = {isa = PBXFileReference; lastKnownFileType = file.storyboard; name = Base; path = Base.lproj/MainInterface.storyboard; sourceTree = "<group>"; };
		2E8E94F627A027070053AA75 /* Info.plist */ = {isa = PBXFileReference; lastKnownFileType = text.plist.xml; path = Info.plist; sourceTree = "<group>"; };
		2E8E94FA27A027070053AA75 /* ShareExtension.entitlements */ = {isa = PBXFileReference; lastKnownFileType = text.plist.entitlements; path = ShareExtension.entitlements; sourceTree = "<group>"; };
		2EB252D5277B33B9009A17DC /* NewCollectionView.swift */ = {isa = PBXFileReference; lastKnownFileType = sourcecode.swift; path = NewCollectionView.swift; sourceTree = "<group>"; };
		2EBBE6D42786BFA600BB93CB /* LICENSE.txt */ = {isa = PBXFileReference; fileEncoding = 4; lastKnownFileType = text; path = LICENSE.txt; sourceTree = "<group>"; };
		2EBBE6D52786BFA600BB93CB /* README.md */ = {isa = PBXFileReference; fileEncoding = 4; lastKnownFileType = net.daringfireball.markdown; path = README.md; sourceTree = "<group>"; };
		2EE3196C2781E321005B83B0 /* UploadingFilesListView.swift */ = {isa = PBXFileReference; lastKnownFileType = sourcecode.swift; path = UploadingFilesListView.swift; sourceTree = "<group>"; };
		2EE3196E2781E7B4005B83B0 /* UploadingNewCollectionView.swift */ = {isa = PBXFileReference; lastKnownFileType = sourcecode.swift; path = UploadingNewCollectionView.swift; sourceTree = "<group>"; };
		2EEE1D00279BA37C00ADFDB1 /* YouWidgetExtension.appex */ = {isa = PBXFileReference; explicitFileType = "wrapper.app-extension"; includeInIndex = 0; path = YouWidgetExtension.appex; sourceTree = BUILT_PRODUCTS_DIR; };
		2EEE1D04279BA37C00ADFDB1 /* YouWidget.swift */ = {isa = PBXFileReference; lastKnownFileType = sourcecode.swift; path = YouWidget.swift; sourceTree = "<group>"; };
		2EEE1D06279BA37E00ADFDB1 /* Assets.xcassets */ = {isa = PBXFileReference; lastKnownFileType = folder.assetcatalog; path = Assets.xcassets; sourceTree = "<group>"; };
		2EEE1D08279BA37E00ADFDB1 /* Info.plist */ = {isa = PBXFileReference; lastKnownFileType = text.plist.xml; path = Info.plist; sourceTree = "<group>"; };
		2EEE1D0C279BA37E00ADFDB1 /* YouWidgetExtension.entitlements */ = {isa = PBXFileReference; lastKnownFileType = text.plist.entitlements; path = YouWidgetExtension.entitlements; sourceTree = "<group>"; };
		2EEE1D1D279D869400ADFDB1 /* WidgetFileThumbnailView.swift */ = {isa = PBXFileReference; lastKnownFileType = sourcecode.swift; path = WidgetFileThumbnailView.swift; sourceTree = "<group>"; };
		2EF4F15127784B8100E64446 /* Iamages.app */ = {isa = PBXFileReference; explicitFileType = wrapper.application; includeInIndex = 0; path = Iamages.app; sourceTree = BUILT_PRODUCTS_DIR; };
		2EF4F15827784B8300E64446 /* Assets.xcassets */ = {isa = PBXFileReference; lastKnownFileType = folder.assetcatalog; path = Assets.xcassets; sourceTree = "<group>"; };
		2EF4F15B27784B8300E64446 /* Preview Assets.xcassets */ = {isa = PBXFileReference; lastKnownFileType = folder.assetcatalog; path = "Preview Assets.xcassets"; sourceTree = "<group>"; };
		2EF4F16327784BE300E64446 /* Modals.swift */ = {isa = PBXFileReference; fileEncoding = 4; lastKnownFileType = sourcecode.swift; path = Modals.swift; sourceTree = "<group>"; };
		2EF4F16427784BE300E64446 /* DataObservable.swift */ = {isa = PBXFileReference; fileEncoding = 4; lastKnownFileType = sourcecode.swift; path = DataObservable.swift; sourceTree = "<group>"; };
		2EF4F16927784C0100E64446 /* JSONDecoder+customISO8601.swift */ = {isa = PBXFileReference; fileEncoding = 4; lastKnownFileType = sourcecode.swift; path = "JSONDecoder+customISO8601.swift"; sourceTree = "<group>"; };
		2EF4F16A27784C0100E64446 /* Bundle+utils.swift */ = {isa = PBXFileReference; fileEncoding = 4; lastKnownFileType = sourcecode.swift; path = "Bundle+utils.swift"; sourceTree = "<group>"; };
		2EF4F16B27784C0100E64446 /* String+urlEncode.swift */ = {isa = PBXFileReference; fileEncoding = 4; lastKnownFileType = sourcecode.swift; path = "String+urlEncode.swift"; sourceTree = "<group>"; };
		2EF4F16C27784C0100E64446 /* Formatter+dates.swift */ = {isa = PBXFileReference; fileEncoding = 4; lastKnownFileType = sourcecode.swift; path = "Formatter+dates.swift"; sourceTree = "<group>"; };
		2EF4F17527784C0900E64446 /* NavigableModifyUploadRequestView.swift */ = {isa = PBXFileReference; fileEncoding = 4; lastKnownFileType = sourcecode.swift; path = NavigableModifyUploadRequestView.swift; sourceTree = "<group>"; };
		2EF4F17627784C0900E64446 /* ModifyUploadRequestView.swift */ = {isa = PBXFileReference; fileEncoding = 4; lastKnownFileType = sourcecode.swift; path = ModifyUploadRequestView.swift; sourceTree = "<group>"; };
		2EF4F17727784C0900E64446 /* SearchView.swift */ = {isa = PBXFileReference; fileEncoding = 4; lastKnownFileType = sourcecode.swift; path = SearchView.swift; sourceTree = "<group>"; };
		2EF4F17927784C0900E64446 /* FileThumbnailView.swift */ = {isa = PBXFileReference; fileEncoding = 4; lastKnownFileType = sourcecode.swift; path = FileThumbnailView.swift; sourceTree = "<group>"; };
		2EF4F17A27784C0900E64446 /* ProfileImageView.swift */ = {isa = PBXFileReference; fileEncoding = 4; lastKnownFileType = sourcecode.swift; path = ProfileImageView.swift; sourceTree = "<group>"; };
		2EF4F17B27784C0900E64446 /* PhotosPickerView.swift */ = {isa = PBXFileReference; fileEncoding = 4; lastKnownFileType = sourcecode.swift; path = PhotosPickerView.swift; sourceTree = "<group>"; };
		2EF4F17C27784C0900E64446 /* ShareView.swift */ = {isa = PBXFileReference; fileEncoding = 4; lastKnownFileType = sourcecode.swift; path = ShareView.swift; sourceTree = "<group>"; };
		2EF4F17D27784C0900E64446 /* HelpLinksView.swift */ = {isa = PBXFileReference; fileEncoding = 4; lastKnownFileType = sourcecode.swift; path = HelpLinksView.swift; sourceTree = "<group>"; };
		2EF4F17E27784C0900E64446 /* ZoomableScrollView.swift */ = {isa = PBXFileReference; fileEncoding = 4; lastKnownFileType = sourcecode.swift; path = ZoomableScrollView.swift; sourceTree = "<group>"; };
		2EF4F17F27784C0900E64446 /* URLPickerView.swift */ = {isa = PBXFileReference; fileEncoding = 4; lastKnownFileType = sourcecode.swift; path = URLPickerView.swift; sourceTree = "<group>"; };
		2EF4F18127784C0900E64446 /* NavigableFileView.swift */ = {isa = PBXFileReference; fileEncoding = 4; lastKnownFileType = sourcecode.swift; path = NavigableFileView.swift; sourceTree = "<group>"; };
		2EF4F18227784C0900E64446 /* FileInfoView.swift */ = {isa = PBXFileReference; fileEncoding = 4; lastKnownFileType = sourcecode.swift; path = FileInfoView.swift; sourceTree = "<group>"; };
		2EF4F18327784C0900E64446 /* ModifyFileInfoView.swift */ = {isa = PBXFileReference; fileEncoding = 4; lastKnownFileType = sourcecode.swift; path = ModifyFileInfoView.swift; sourceTree = "<group>"; };
		2EF4F18427784C0900E64446 /* FileView.swift */ = {isa = PBXFileReference; fileEncoding = 4; lastKnownFileType = sourcecode.swift; path = FileView.swift; sourceTree = "<group>"; };
		2EF4F18527784C0900E64446 /* PreferencesView.swift */ = {isa = PBXFileReference; fileEncoding = 4; lastKnownFileType = sourcecode.swift; path = PreferencesView.swift; sourceTree = "<group>"; };
		2EF4F18727784C0900E64446 /* UserCollectionPickerView.swift */ = {isa = PBXFileReference; fileEncoding = 4; lastKnownFileType = sourcecode.swift; path = UserCollectionPickerView.swift; sourceTree = "<group>"; };
		2EF4F18827784C0900E64446 /* NavigableUserView.swift */ = {isa = PBXFileReference; fileEncoding = 4; lastKnownFileType = sourcecode.swift; path = NavigableUserView.swift; sourceTree = "<group>"; };
		2EF4F18927784C0900E64446 /* PublicUserView.swift */ = {isa = PBXFileReference; fileEncoding = 4; lastKnownFileType = sourcecode.swift; path = PublicUserView.swift; sourceTree = "<group>"; };
		2EF4F18A27784C0900E64446 /* ManageUserView.swift */ = {isa = PBXFileReference; fileEncoding = 4; lastKnownFileType = sourcecode.swift; path = ManageUserView.swift; sourceTree = "<group>"; };
		2EF4F18B27784C0900E64446 /* UserSearchView.swift */ = {isa = PBXFileReference; fileEncoding = 4; lastKnownFileType = sourcecode.swift; path = UserSearchView.swift; sourceTree = "<group>"; };
		2EF4F18C27784C0900E64446 /* YouView.swift */ = {isa = PBXFileReference; fileEncoding = 4; lastKnownFileType = sourcecode.swift; path = YouView.swift; sourceTree = "<group>"; };
		2EF4F18D27784C0900E64446 /* UploadView.swift */ = {isa = PBXFileReference; fileEncoding = 4; lastKnownFileType = sourcecode.swift; path = UploadView.swift; sourceTree = "<group>"; };
		2EF4F18F27784C0900E64446 /* CollectionInfoView.swift */ = {isa = PBXFileReference; fileEncoding = 4; lastKnownFileType = sourcecode.swift; path = CollectionInfoView.swift; sourceTree = "<group>"; };
		2EF4F19027784C0900E64446 /* NavigableCollectionFilesListView.swift */ = {isa = PBXFileReference; fileEncoding = 4; lastKnownFileType = sourcecode.swift; path = NavigableCollectionFilesListView.swift; sourceTree = "<group>"; };
		2EF4F19127784C0900E64446 /* ModifyCollectionInfoView.swift */ = {isa = PBXFileReference; fileEncoding = 4; lastKnownFileType = sourcecode.swift; path = ModifyCollectionInfoView.swift; sourceTree = "<group>"; };
		2EF4F19227784C0900E64446 /* CollectionFilesListView.swift */ = {isa = PBXFileReference; fileEncoding = 4; lastKnownFileType = sourcecode.swift; path = CollectionFilesListView.swift; sourceTree = "<group>"; };
		2EF4F19327784C0900E64446 /* FeedView.swift */ = {isa = PBXFileReference; fileEncoding = 4; lastKnownFileType = sourcecode.swift; path = FeedView.swift; sourceTree = "<group>"; };
		2EF4F19427784C0900E64446 /* RootNavigationView.swift */ = {isa = PBXFileReference; fileEncoding = 4; lastKnownFileType = sourcecode.swift; path = RootNavigationView.swift; sourceTree = "<group>"; };
		2EF4F1B227784C1400E64446 /* IamagesApp.swift */ = {isa = PBXFileReference; fileEncoding = 4; lastKnownFileType = sourcecode.swift; path = IamagesApp.swift; sourceTree = "<group>"; };
		2EF4F1BD27784D1F00E64446 /* Iamages.entitlements */ = {isa = PBXFileReference; lastKnownFileType = text.plist.entitlements; path = Iamages.entitlements; sourceTree = "<group>"; };
		2EF4F1BE27789A6600E64446 /* Iamages.storekit */ = {isa = PBXFileReference; lastKnownFileType = text; path = Iamages.storekit; sourceTree = "<group>"; };
		2EFB09822785768A00041F49 /* View+utils.swift */ = {isa = PBXFileReference; lastKnownFileType = sourcecode.swift; path = "View+utils.swift"; sourceTree = "<group>"; };
/* End PBXFileReference section */

/* Begin PBXFrameworksBuildPhase section */
		2E22D5E1278F0DE300D3582D /* Frameworks */ = {
			isa = PBXFrameworksBuildPhase;
			buildActionMask = 2147483647;
			files = (
				2E22D5E9278F0DE300D3582D /* SwiftUI.framework in Frameworks */,
				2E22D5E7278F0DE300D3582D /* WidgetKit.framework in Frameworks */,
			);
			runOnlyForDeploymentPostprocessing = 0;
		};
		2E8E94EC27A027070053AA75 /* Frameworks */ = {
			isa = PBXFrameworksBuildPhase;
			buildActionMask = 2147483647;
			files = (
				2E8E950527A037060053AA75 /* KeychainSwift in Frameworks */,
			);
			runOnlyForDeploymentPostprocessing = 0;
		};
		2EEE1CFD279BA37C00ADFDB1 /* Frameworks */ = {
			isa = PBXFrameworksBuildPhase;
			buildActionMask = 2147483647;
			files = (
				2E8AC301279E4075001D6770 /* KeychainSwift in Frameworks */,
				2EEE1D02279BA37C00ADFDB1 /* SwiftUI.framework in Frameworks */,
				2EEE1D01279BA37C00ADFDB1 /* WidgetKit.framework in Frameworks */,
			);
			runOnlyForDeploymentPostprocessing = 0;
		};
		2EF4F14E27784B8100E64446 /* Frameworks */ = {
			isa = PBXFrameworksBuildPhase;
			buildActionMask = 2147483647;
			files = (
				2E8AC2FF279E404F001D6770 /* KeychainSwift in Frameworks */,
				2EF4F1B627784C5300E64446 /* Kingfisher in Frameworks */,
				2EF4F1B927784C6400E64446 /* SPConfetti in Frameworks */,
				2E8AF0CE27C70F2C002A90C2 /* StoreKit.framework in Frameworks */,
			);
			runOnlyForDeploymentPostprocessing = 0;
		};
/* End PBXFrameworksBuildPhase section */

/* Begin PBXGroup section */
		2E22D5E5278F0DE300D3582D /* Frameworks */ = {
			isa = PBXGroup;
			children = (
				2E8AF0CD27C70F2C002A90C2 /* StoreKit.framework */,
				2E22D5E6278F0DE300D3582D /* WidgetKit.framework */,
				2E22D5E8278F0DE300D3582D /* SwiftUI.framework */,
			);
			name = Frameworks;
			sourceTree = "<group>";
		};
		2E22D5EA278F0DE400D3582D /* FeedWidget */ = {
			isa = PBXGroup;
			children = (
				2E22D5EB278F0DE400D3582D /* FeedWidget.swift */,
				2E22D6012791991500D3582D /* FeedWidget.intentdefinition */,
				2E22D5ED278F0DE500D3582D /* Assets.xcassets */,
				2E22D5EF278F0DE500D3582D /* Info.plist */,
				2E22D5F3278F0DE500D3582D /* FeedWidgetExtension.entitlements */,
			);
			path = FeedWidget;
			sourceTree = "<group>";
		};
		2E3BF3F22792B4C700A6E8AB /* Shared */ = {
			isa = PBXGroup;
			children = (
				2E3BF3F32792B4D300A6E8AB /* Extensions */,
				2EF4F16227784BE300E64446 /* API */,
				2EEE1D1C279D867900ADFDB1 /* Views */,
			);
			path = Shared;
			sourceTree = "<group>";
		};
		2E3BF3F32792B4D300A6E8AB /* Extensions */ = {
			isa = PBXGroup;
			children = (
				2EF4F16B27784C0100E64446 /* String+urlEncode.swift */,
				2EF4F16927784C0100E64446 /* JSONDecoder+customISO8601.swift */,
				2EF4F16C27784C0100E64446 /* Formatter+dates.swift */,
			);
			path = Extensions;
			sourceTree = "<group>";
		};
		2E8E94F027A027070053AA75 /* ShareExtension */ = {
			isa = PBXGroup;
			children = (
				2E8E94F127A027070053AA75 /* ShareViewController.swift */,
				2E8E94F327A027070053AA75 /* MainInterface.storyboard */,
				2E8E94F627A027070053AA75 /* Info.plist */,
				2E8E94FA27A027070053AA75 /* ShareExtension.entitlements */,
			);
			path = ShareExtension;
			sourceTree = "<group>";
		};
		2EE3196B2781E25E005B83B0 /* UploadingViews */ = {
			isa = PBXGroup;
			children = (
				2EE3196C2781E321005B83B0 /* UploadingFilesListView.swift */,
				2EE3196E2781E7B4005B83B0 /* UploadingNewCollectionView.swift */,
			);
			path = UploadingViews;
			sourceTree = "<group>";
		};
		2EEE1D03279BA37C00ADFDB1 /* YouWidget */ = {
			isa = PBXGroup;
			children = (
				2EEE1D04279BA37C00ADFDB1 /* YouWidget.swift */,
				2EEE1D06279BA37E00ADFDB1 /* Assets.xcassets */,
				2EEE1D08279BA37E00ADFDB1 /* Info.plist */,
				2EEE1D0C279BA37E00ADFDB1 /* YouWidgetExtension.entitlements */,
			);
			path = YouWidget;
			sourceTree = "<group>";
		};
		2EEE1D1C279D867900ADFDB1 /* Views */ = {
			isa = PBXGroup;
			children = (
				2EEE1D1D279D869400ADFDB1 /* WidgetFileThumbnailView.swift */,
			);
			path = Views;
			sourceTree = "<group>";
		};
		2EF4F14827784B8100E64446 = {
			isa = PBXGroup;
			children = (
				2E3BF3F22792B4C700A6E8AB /* Shared */,
				2EF4F15327784B8100E64446 /* Iamages */,
				2E22D5EA278F0DE400D3582D /* FeedWidget */,
				2EEE1D03279BA37C00ADFDB1 /* YouWidget */,
				2E8E94F027A027070053AA75 /* ShareExtension */,
				2EBBE6D52786BFA600BB93CB /* README.md */,
				2EBBE6D42786BFA600BB93CB /* LICENSE.txt */,
				2E22D5E5278F0DE300D3582D /* Frameworks */,
				2EF4F15227784B8100E64446 /* Products */,
			);
			sourceTree = "<group>";
		};
		2EF4F15227784B8100E64446 /* Products */ = {
			isa = PBXGroup;
			children = (
				2EF4F15127784B8100E64446 /* Iamages.app */,
				2E22D5E4278F0DE300D3582D /* FeedWidgetExtension.appex */,
				2EEE1D00279BA37C00ADFDB1 /* YouWidgetExtension.appex */,
				2E8E94EF27A027070053AA75 /* ShareExtension.appex */,
			);
			name = Products;
			sourceTree = "<group>";
		};
		2EF4F15327784B8100E64446 /* Iamages */ = {
			isa = PBXGroup;
			children = (
				2EF4F16727784C0100E64446 /* Extensions */,
				2EF4F17227784C0900E64446 /* Views */,
				2EF4F1B227784C1400E64446 /* IamagesApp.swift */,
				2EF4F1BE27789A6600E64446 /* Iamages.storekit */,
				2EF4F1BD27784D1F00E64446 /* Iamages.entitlements */,
				2E7344FC277A92480076E672 /* Info.plist */,
				2EF4F15827784B8300E64446 /* Assets.xcassets */,
				2EF4F15A27784B8300E64446 /* Preview Content */,
			);
			path = Iamages;
			sourceTree = "<group>";
		};
		2EF4F15A27784B8300E64446 /* Preview Content */ = {
			isa = PBXGroup;
			children = (
				2EF4F15B27784B8300E64446 /* Preview Assets.xcassets */,
			);
			path = "Preview Content";
			sourceTree = "<group>";
		};
		2EF4F16227784BE300E64446 /* API */ = {
			isa = PBXGroup;
			children = (
				2EF4F16327784BE300E64446 /* Modals.swift */,
				2EF4F16427784BE300E64446 /* DataObservable.swift */,
			);
			path = API;
			sourceTree = "<group>";
		};
		2EF4F16727784C0100E64446 /* Extensions */ = {
			isa = PBXGroup;
			children = (
				2EF4F16A27784C0100E64446 /* Bundle+utils.swift */,
				2EFB09822785768A00041F49 /* View+utils.swift */,
				2E3BF3F62792D5BE00A6E8AB /* FileManager+sizeOfFile.swift */,
			);
			path = Extensions;
			sourceTree = "<group>";
		};
		2EF4F17227784C0900E64446 /* Views */ = {
			isa = PBXGroup;
			children = (
				2EF4F17827784C0900E64446 /* Utility */,
				2EF4F18E27784C0900E64446 /* Collection */,
				2EF4F18627784C0900E64446 /* User */,
				2EF4F18027784C0900E64446 /* File */,
				2EF4F17327784C0900E64446 /* Upload */,
				2EF4F19327784C0900E64446 /* FeedView.swift */,
				2EF4F17727784C0900E64446 /* SearchView.swift */,
				2EF4F18D27784C0900E64446 /* UploadView.swift */,
				2EF4F18C27784C0900E64446 /* YouView.swift */,
				2EF4F18527784C0900E64446 /* PreferencesView.swift */,
				2EF4F19427784C0900E64446 /* RootNavigationView.swift */,
			);
			path = Views;
			sourceTree = "<group>";
		};
		2EF4F17327784C0900E64446 /* Upload */ = {
			isa = PBXGroup;
			children = (
				2EE3196B2781E25E005B83B0 /* UploadingViews */,
				2EF4F17527784C0900E64446 /* NavigableModifyUploadRequestView.swift */,
				2EF4F17627784C0900E64446 /* ModifyUploadRequestView.swift */,
				2EF4F17F27784C0900E64446 /* URLPickerView.swift */,
				2EF4F17B27784C0900E64446 /* PhotosPickerView.swift */,
			);
			path = Upload;
			sourceTree = "<group>";
		};
		2EF4F17827784C0900E64446 /* Utility */ = {
			isa = PBXGroup;
			children = (
				2EF4F17927784C0900E64446 /* FileThumbnailView.swift */,
				2EF4F17A27784C0900E64446 /* ProfileImageView.swift */,
				2EF4F17C27784C0900E64446 /* ShareView.swift */,
				2EF4F17D27784C0900E64446 /* HelpLinksView.swift */,
				2EF4F17E27784C0900E64446 /* ZoomableScrollView.swift */,
				2E84B16D27795E030006458A /* RemovedSuggestView.swift */,
				2E84B16F2779B4870006458A /* TogglesHelpView.swift */,
			);
			path = Utility;
			sourceTree = "<group>";
		};
		2EF4F18027784C0900E64446 /* File */ = {
			isa = PBXGroup;
			children = (
				2EF4F18127784C0900E64446 /* NavigableFileView.swift */,
				2EF4F18227784C0900E64446 /* FileInfoView.swift */,
				2EF4F18327784C0900E64446 /* ModifyFileInfoView.swift */,
				2EF4F18427784C0900E64446 /* FileView.swift */,
			);
			path = File;
			sourceTree = "<group>";
		};
		2EF4F18627784C0900E64446 /* User */ = {
			isa = PBXGroup;
			children = (
				2EF4F18727784C0900E64446 /* UserCollectionPickerView.swift */,
				2EF4F18827784C0900E64446 /* NavigableUserView.swift */,
				2EF4F18927784C0900E64446 /* PublicUserView.swift */,
				2EF4F18A27784C0900E64446 /* ManageUserView.swift */,
				2EF4F18B27784C0900E64446 /* UserSearchView.swift */,
			);
			path = User;
			sourceTree = "<group>";
		};
		2EF4F18E27784C0900E64446 /* Collection */ = {
			isa = PBXGroup;
			children = (
				2EF4F18F27784C0900E64446 /* CollectionInfoView.swift */,
				2EF4F19027784C0900E64446 /* NavigableCollectionFilesListView.swift */,
				2EF4F19127784C0900E64446 /* ModifyCollectionInfoView.swift */,
				2EF4F19227784C0900E64446 /* CollectionFilesListView.swift */,
				2EB252D5277B33B9009A17DC /* NewCollectionView.swift */,
			);
			path = Collection;
			sourceTree = "<group>";
		};
/* End PBXGroup section */

/* Begin PBXNativeTarget section */
		2E22D5E3278F0DE300D3582D /* FeedWidgetExtension */ = {
			isa = PBXNativeTarget;
			buildConfigurationList = 2E22D5F7278F0DE500D3582D /* Build configuration list for PBXNativeTarget "FeedWidgetExtension" */;
			buildPhases = (
				2E22D5E0278F0DE300D3582D /* Sources */,
				2E22D5E1278F0DE300D3582D /* Frameworks */,
				2E22D5E2278F0DE300D3582D /* Resources */,
			);
			buildRules = (
			);
			dependencies = (
			);
			name = FeedWidgetExtension;
			packageProductDependencies = (
			);
			productName = FeedWidgetExtension;
			productReference = 2E22D5E4278F0DE300D3582D /* FeedWidgetExtension.appex */;
			productType = "com.apple.product-type.app-extension";
		};
		2E8E94EE27A027070053AA75 /* ShareExtension */ = {
			isa = PBXNativeTarget;
			buildConfigurationList = 2E8E94FD27A027070053AA75 /* Build configuration list for PBXNativeTarget "ShareExtension" */;
			buildPhases = (
				2E8E94EB27A027070053AA75 /* Sources */,
				2E8E94EC27A027070053AA75 /* Frameworks */,
				2E8E94ED27A027070053AA75 /* Resources */,
			);
			buildRules = (
			);
			dependencies = (
			);
			name = ShareExtension;
			packageProductDependencies = (
				2E8E950427A037060053AA75 /* KeychainSwift */,
			);
			productName = ShareExtension;
			productReference = 2E8E94EF27A027070053AA75 /* ShareExtension.appex */;
			productType = "com.apple.product-type.app-extension";
		};
		2EEE1CFF279BA37C00ADFDB1 /* YouWidgetExtension */ = {
			isa = PBXNativeTarget;
			buildConfigurationList = 2EEE1D0F279BA37E00ADFDB1 /* Build configuration list for PBXNativeTarget "YouWidgetExtension" */;
			buildPhases = (
				2EEE1CFC279BA37C00ADFDB1 /* Sources */,
				2EEE1CFD279BA37C00ADFDB1 /* Frameworks */,
				2EEE1CFE279BA37C00ADFDB1 /* Resources */,
			);
			buildRules = (
			);
			dependencies = (
			);
			name = YouWidgetExtension;
			packageProductDependencies = (
				2E8AC300279E4075001D6770 /* KeychainSwift */,
			);
			productName = YouWidgetExtension;
			productReference = 2EEE1D00279BA37C00ADFDB1 /* YouWidgetExtension.appex */;
			productType = "com.apple.product-type.app-extension";
		};
		2EF4F15027784B8100E64446 /* Iamages */ = {
			isa = PBXNativeTarget;
			buildConfigurationList = 2EF4F15F27784B8300E64446 /* Build configuration list for PBXNativeTarget "Iamages" */;
			buildPhases = (
				2EF4F14D27784B8100E64446 /* Sources */,
				2EF4F14E27784B8100E64446 /* Frameworks */,
				2EF4F14F27784B8100E64446 /* Resources */,
				2E22D5F4278F0DE500D3582D /* Embed App Extensions */,
			);
			buildRules = (
			);
			dependencies = (
				2E22D5F1278F0DE500D3582D /* PBXTargetDependency */,
				2E8AC2FC279E3BB0001D6770 /* PBXTargetDependency */,
				2E8E94F827A027070053AA75 /* PBXTargetDependency */,
			);
			name = Iamages;
			packageProductDependencies = (
				2EF4F1B527784C5300E64446 /* Kingfisher */,
				2EF4F1B827784C6400E64446 /* SPConfetti */,
				2E8AC2FE279E404F001D6770 /* KeychainSwift */,
			);
			productName = Iamages;
			productReference = 2EF4F15127784B8100E64446 /* Iamages.app */;
			productType = "com.apple.product-type.application";
		};
/* End PBXNativeTarget section */

/* Begin PBXProject section */
		2EF4F14927784B8100E64446 /* Project object */ = {
			isa = PBXProject;
			attributes = {
				BuildIndependentTargetsInParallel = 1;
				LastSwiftUpdateCheck = 1320;
				LastUpgradeCheck = 1320;
				TargetAttributes = {
					2E22D5E3278F0DE300D3582D = {
						CreatedOnToolsVersion = 13.2.1;
					};
					2E8E94EE27A027070053AA75 = {
						CreatedOnToolsVersion = 13.2.1;
					};
					2EEE1CFF279BA37C00ADFDB1 = {
						CreatedOnToolsVersion = 13.2.1;
					};
					2EF4F15027784B8100E64446 = {
						CreatedOnToolsVersion = 13.2.1;
					};
				};
			};
			buildConfigurationList = 2EF4F14C27784B8100E64446 /* Build configuration list for PBXProject "Iamages" */;
			compatibilityVersion = "Xcode 13.0";
			developmentRegion = en;
			hasScannedForEncodings = 0;
			knownRegions = (
				en,
				Base,
			);
			mainGroup = 2EF4F14827784B8100E64446;
			packageReferences = (
				2EF4F1B427784C5300E64446 /* XCRemoteSwiftPackageReference "Kingfisher" */,
				2EF4F1B727784C6400E64446 /* XCRemoteSwiftPackageReference "SPConfetti" */,
				2E8AC2FD279E404F001D6770 /* XCRemoteSwiftPackageReference "keychain-swift" */,
			);
			productRefGroup = 2EF4F15227784B8100E64446 /* Products */;
			projectDirPath = "";
			projectRoot = "";
			targets = (
				2EF4F15027784B8100E64446 /* Iamages */,
				2E22D5E3278F0DE300D3582D /* FeedWidgetExtension */,
				2EEE1CFF279BA37C00ADFDB1 /* YouWidgetExtension */,
				2E8E94EE27A027070053AA75 /* ShareExtension */,
			);
		};
/* End PBXProject section */

/* Begin PBXResourcesBuildPhase section */
		2E22D5E2278F0DE300D3582D /* Resources */ = {
			isa = PBXResourcesBuildPhase;
			buildActionMask = 2147483647;
			files = (
				2E22D5EE278F0DE500D3582D /* Assets.xcassets in Resources */,
			);
			runOnlyForDeploymentPostprocessing = 0;
		};
		2E8E94ED27A027070053AA75 /* Resources */ = {
			isa = PBXResourcesBuildPhase;
			buildActionMask = 2147483647;
			files = (
				2E8E94F527A027070053AA75 /* MainInterface.storyboard in Resources */,
			);
			runOnlyForDeploymentPostprocessing = 0;
		};
		2EEE1CFE279BA37C00ADFDB1 /* Resources */ = {
			isa = PBXResourcesBuildPhase;
			buildActionMask = 2147483647;
			files = (
				2EEE1D07279BA37E00ADFDB1 /* Assets.xcassets in Resources */,
			);
			runOnlyForDeploymentPostprocessing = 0;
		};
		2EF4F14F27784B8100E64446 /* Resources */ = {
			isa = PBXResourcesBuildPhase;
			buildActionMask = 2147483647;
			files = (
				2EF4F15C27784B8300E64446 /* Preview Assets.xcassets in Resources */,
				2EF4F15927784B8300E64446 /* Assets.xcassets in Resources */,
			);
			runOnlyForDeploymentPostprocessing = 0;
		};
/* End PBXResourcesBuildPhase section */

/* Begin PBXSourcesBuildPhase section */
		2E22D5E0278F0DE300D3582D /* Sources */ = {
			isa = PBXSourcesBuildPhase;
			buildActionMask = 2147483647;
			files = (
				2E22D6032791991500D3582D /* FeedWidget.intentdefinition in Sources */,
				2E22D5FA278F0F6500D3582D /* Formatter+dates.swift in Sources */,
				2E22D5EC278F0DE400D3582D /* FeedWidget.swift in Sources */,
				2E22D5FB278F0F6500D3582D /* JSONDecoder+customISO8601.swift in Sources */,
				2E22D5F8278F0F4700D3582D /* Modals.swift in Sources */,
				2EEE1D1F279D869F00ADFDB1 /* WidgetFileThumbnailView.swift in Sources */,
			);
			runOnlyForDeploymentPostprocessing = 0;
		};
		2E8E94EB27A027070053AA75 /* Sources */ = {
			isa = PBXSourcesBuildPhase;
			buildActionMask = 2147483647;
			files = (
				2E8E94F227A027070053AA75 /* ShareViewController.swift in Sources */,
				2E8E950127A034DB0053AA75 /* Modals.swift in Sources */,
			);
			runOnlyForDeploymentPostprocessing = 0;
		};
		2EEE1CFC279BA37C00ADFDB1 /* Sources */ = {
			isa = PBXSourcesBuildPhase;
			buildActionMask = 2147483647;
			files = (
				2EEE1D11279BA45700ADFDB1 /* Formatter+dates.swift in Sources */,
				2EEE1D10279BA45700ADFDB1 /* JSONDecoder+customISO8601.swift in Sources */,
				2EEE1D25279D88C200ADFDB1 /* String+urlEncode.swift in Sources */,
				2EEE1D20279D869F00ADFDB1 /* WidgetFileThumbnailView.swift in Sources */,
				2EEE1D05279BA37C00ADFDB1 /* YouWidget.swift in Sources */,
				2EEE1D12279BA93D00ADFDB1 /* Modals.swift in Sources */,
			);
			runOnlyForDeploymentPostprocessing = 0;
		};
		2EF4F14D27784B8100E64446 /* Sources */ = {
			isa = PBXSourcesBuildPhase;
			buildActionMask = 2147483647;
			files = (
				2E84B16E27795E030006458A /* RemovedSuggestView.swift in Sources */,
				2EF4F1B027784C0900E64446 /* FeedView.swift in Sources */,
				2EF4F19C27784C0900E64446 /* ShareView.swift in Sources */,
				2EF4F1AE27784C0900E64446 /* ModifyCollectionInfoView.swift in Sources */,
				2EF4F19627784C0900E64446 /* NavigableModifyUploadRequestView.swift in Sources */,
				2EF4F1A627784C0900E64446 /* NavigableUserView.swift in Sources */,
				2EE3196D2781E321005B83B0 /* UploadingFilesListView.swift in Sources */,
				2EF4F16F27784C0100E64446 /* Bundle+utils.swift in Sources */,
				2EF4F19D27784C0900E64446 /* HelpLinksView.swift in Sources */,
				2EF4F1A527784C0900E64446 /* UserCollectionPickerView.swift in Sources */,
				2EF4F17127784C0100E64446 /* Formatter+dates.swift in Sources */,
				2EF4F1AD27784C0900E64446 /* NavigableCollectionFilesListView.swift in Sources */,
				2EF4F19A27784C0900E64446 /* ProfileImageView.swift in Sources */,
				2EF4F1A027784C0900E64446 /* NavigableFileView.swift in Sources */,
				2EF4F17027784C0100E64446 /* String+urlEncode.swift in Sources */,
				2EF4F1A127784C0900E64446 /* FileInfoView.swift in Sources */,
				2EF4F19927784C0900E64446 /* FileThumbnailView.swift in Sources */,
				2EF4F19727784C0900E64446 /* ModifyUploadRequestView.swift in Sources */,
				2EF4F19E27784C0900E64446 /* ZoomableScrollView.swift in Sources */,
				2EF4F1AA27784C0900E64446 /* YouView.swift in Sources */,
				2E84B1702779B4870006458A /* TogglesHelpView.swift in Sources */,
				2EF4F1AC27784C0900E64446 /* CollectionInfoView.swift in Sources */,
				2EFB09832785768A00041F49 /* View+utils.swift in Sources */,
				2EF4F1A427784C0900E64446 /* PreferencesView.swift in Sources */,
				2E3BF3F12791C45900A6E8AB /* FeedWidget.intentdefinition in Sources */,
				2EF4F1A327784C0900E64446 /* FileView.swift in Sources */,
				2EE3196F2781E7B4005B83B0 /* UploadingNewCollectionView.swift in Sources */,
				2EF4F1A827784C0900E64446 /* ManageUserView.swift in Sources */,
				2EF4F1A927784C0900E64446 /* UserSearchView.swift in Sources */,
				2E3BF3F72792D5BE00A6E8AB /* FileManager+sizeOfFile.swift in Sources */,
				2EB252D6277B33B9009A17DC /* NewCollectionView.swift in Sources */,
				2EF4F1AF27784C0900E64446 /* CollectionFilesListView.swift in Sources */,
				2EF4F1AB27784C0900E64446 /* UploadView.swift in Sources */,
				2EF4F16527784BE300E64446 /* Modals.swift in Sources */,
				2EF4F16E27784C0100E64446 /* JSONDecoder+customISO8601.swift in Sources */,
				2EF4F19B27784C0900E64446 /* PhotosPickerView.swift in Sources */,
				2EF4F1B127784C0900E64446 /* RootNavigationView.swift in Sources */,
				2EF4F16627784BE300E64446 /* DataObservable.swift in Sources */,
				2EF4F19F27784C0900E64446 /* URLPickerView.swift in Sources */,
				2EF4F1A227784C0900E64446 /* ModifyFileInfoView.swift in Sources */,
				2EF4F1A727784C0900E64446 /* PublicUserView.swift in Sources */,
				2EF4F19827784C0900E64446 /* SearchView.swift in Sources */,
				2EF4F1B327784C1500E64446 /* IamagesApp.swift in Sources */,
			);
			runOnlyForDeploymentPostprocessing = 0;
		};
/* End PBXSourcesBuildPhase section */

/* Begin PBXTargetDependency section */
		2E22D5F1278F0DE500D3582D /* PBXTargetDependency */ = {
			isa = PBXTargetDependency;
			target = 2E22D5E3278F0DE300D3582D /* FeedWidgetExtension */;
			targetProxy = 2E22D5F0278F0DE500D3582D /* PBXContainerItemProxy */;
		};
		2E8AC2FC279E3BB0001D6770 /* PBXTargetDependency */ = {
			isa = PBXTargetDependency;
			target = 2EEE1CFF279BA37C00ADFDB1 /* YouWidgetExtension */;
			targetProxy = 2E8AC2FB279E3BB0001D6770 /* PBXContainerItemProxy */;
		};
		2E8E94F827A027070053AA75 /* PBXTargetDependency */ = {
			isa = PBXTargetDependency;
			platformFilter = ios;
			target = 2E8E94EE27A027070053AA75 /* ShareExtension */;
			targetProxy = 2E8E94F727A027070053AA75 /* PBXContainerItemProxy */;
		};
/* End PBXTargetDependency section */

/* Begin PBXVariantGroup section */
		2E8E94F327A027070053AA75 /* MainInterface.storyboard */ = {
			isa = PBXVariantGroup;
			children = (
				2E8E94F427A027070053AA75 /* Base */,
			);
			name = MainInterface.storyboard;
			sourceTree = "<group>";
		};
/* End PBXVariantGroup section */

/* Begin XCBuildConfiguration section */
		2E22D5F5278F0DE500D3582D /* Debug */ = {
			isa = XCBuildConfiguration;
			buildSettings = {
				ASSETCATALOG_COMPILER_GLOBAL_ACCENT_COLOR_NAME = AccentColor;
				ASSETCATALOG_COMPILER_WIDGET_BACKGROUND_COLOR_NAME = WidgetBackground;
				CODE_SIGN_ENTITLEMENTS = FeedWidget/FeedWidgetExtension.entitlements;
				CODE_SIGN_STYLE = Automatic;
				CURRENT_PROJECT_VERSION = 1;
				DEVELOPMENT_TEAM = 2VZNUT7D2E;
				GENERATE_INFOPLIST_FILE = YES;
				INFOPLIST_FILE = FeedWidget/Info.plist;
				INFOPLIST_KEY_CFBundleDisplayName = FeedWidget;
				INFOPLIST_KEY_NSHumanReadableCopyright = "";
				LD_RUNPATH_SEARCH_PATHS = (
					"$(inherited)",
					"@executable_path/Frameworks",
					"@executable_path/../../Frameworks",
				);
				MARKETING_VERSION = 1.0.1;
				PRODUCT_BUNDLE_IDENTIFIER = me.jkelol111.Iamages.FeedWidget;
				PRODUCT_NAME = "$(TARGET_NAME)";
				SKIP_INSTALL = YES;
				SUPPORTS_MACCATALYST = YES;
				SWIFT_EMIT_LOC_STRINGS = YES;
				SWIFT_VERSION = 5.0;
				TARGETED_DEVICE_FAMILY = "1,2";
			};
			name = Debug;
		};
		2E22D5F6278F0DE500D3582D /* Release */ = {
			isa = XCBuildConfiguration;
			buildSettings = {
				ASSETCATALOG_COMPILER_GLOBAL_ACCENT_COLOR_NAME = AccentColor;
				ASSETCATALOG_COMPILER_WIDGET_BACKGROUND_COLOR_NAME = WidgetBackground;
				CODE_SIGN_ENTITLEMENTS = FeedWidget/FeedWidgetExtension.entitlements;
				CODE_SIGN_STYLE = Automatic;
				CURRENT_PROJECT_VERSION = 1;
				DEVELOPMENT_TEAM = 2VZNUT7D2E;
				GENERATE_INFOPLIST_FILE = YES;
				INFOPLIST_FILE = FeedWidget/Info.plist;
				INFOPLIST_KEY_CFBundleDisplayName = FeedWidget;
				INFOPLIST_KEY_NSHumanReadableCopyright = "";
				LD_RUNPATH_SEARCH_PATHS = (
					"$(inherited)",
					"@executable_path/Frameworks",
					"@executable_path/../../Frameworks",
				);
				MARKETING_VERSION = 1.0.1;
				PRODUCT_BUNDLE_IDENTIFIER = me.jkelol111.Iamages.FeedWidget;
				PRODUCT_NAME = "$(TARGET_NAME)";
				SKIP_INSTALL = YES;
				SUPPORTS_MACCATALYST = YES;
				SWIFT_EMIT_LOC_STRINGS = YES;
				SWIFT_VERSION = 5.0;
				TARGETED_DEVICE_FAMILY = "1,2";
			};
			name = Release;
		};
		2E8E94FB27A027070053AA75 /* Debug */ = {
			isa = XCBuildConfiguration;
			buildSettings = {
				CODE_SIGN_ENTITLEMENTS = ShareExtension/ShareExtension.entitlements;
				CODE_SIGN_STYLE = Automatic;
				CURRENT_PROJECT_VERSION = 1;
				DEVELOPMENT_TEAM = 2VZNUT7D2E;
				GENERATE_INFOPLIST_FILE = YES;
				INFOPLIST_FILE = ShareExtension/Info.plist;
				INFOPLIST_KEY_CFBundleDisplayName = "Upload to Iamages";
				INFOPLIST_KEY_NSHumanReadableCopyright = "";
				LD_RUNPATH_SEARCH_PATHS = (
					"$(inherited)",
					"@executable_path/Frameworks",
					"@executable_path/../../Frameworks",
				);
				MARKETING_VERSION = 1.0.1;
				PRODUCT_BUNDLE_IDENTIFIER = me.jkelol111.Iamages.ShareExtension;
				PRODUCT_NAME = "$(TARGET_NAME)";
				SKIP_INSTALL = YES;
				SUPPORTS_MACCATALYST = NO;
				SWIFT_EMIT_LOC_STRINGS = YES;
				SWIFT_VERSION = 5.0;
				TARGETED_DEVICE_FAMILY = "1,2";
			};
			name = Debug;
		};
		2E8E94FC27A027070053AA75 /* Release */ = {
			isa = XCBuildConfiguration;
			buildSettings = {
				CODE_SIGN_ENTITLEMENTS = ShareExtension/ShareExtension.entitlements;
				CODE_SIGN_STYLE = Automatic;
				CURRENT_PROJECT_VERSION = 1;
				DEVELOPMENT_TEAM = 2VZNUT7D2E;
				GENERATE_INFOPLIST_FILE = YES;
				INFOPLIST_FILE = ShareExtension/Info.plist;
				INFOPLIST_KEY_CFBundleDisplayName = "Upload to Iamages";
				INFOPLIST_KEY_NSHumanReadableCopyright = "";
				LD_RUNPATH_SEARCH_PATHS = (
					"$(inherited)",
					"@executable_path/Frameworks",
					"@executable_path/../../Frameworks",
				);
				MARKETING_VERSION = 1.0.1;
				PRODUCT_BUNDLE_IDENTIFIER = me.jkelol111.Iamages.ShareExtension;
				PRODUCT_NAME = "$(TARGET_NAME)";
				SKIP_INSTALL = YES;
				SUPPORTS_MACCATALYST = NO;
				SWIFT_EMIT_LOC_STRINGS = YES;
				SWIFT_VERSION = 5.0;
				TARGETED_DEVICE_FAMILY = "1,2";
			};
			name = Release;
		};
		2EEE1D0D279BA37E00ADFDB1 /* Debug */ = {
			isa = XCBuildConfiguration;
			buildSettings = {
				ASSETCATALOG_COMPILER_GLOBAL_ACCENT_COLOR_NAME = AccentColor;
				ASSETCATALOG_COMPILER_WIDGET_BACKGROUND_COLOR_NAME = WidgetBackground;
				CODE_SIGN_ENTITLEMENTS = YouWidget/YouWidgetExtension.entitlements;
				CODE_SIGN_STYLE = Automatic;
				CURRENT_PROJECT_VERSION = 1;
				DEVELOPMENT_TEAM = 2VZNUT7D2E;
				GENERATE_INFOPLIST_FILE = YES;
				INFOPLIST_FILE = YouWidget/Info.plist;
				INFOPLIST_KEY_CFBundleDisplayName = YouWidget;
				INFOPLIST_KEY_NSHumanReadableCopyright = "";
				LD_RUNPATH_SEARCH_PATHS = (
					"$(inherited)",
					"@executable_path/Frameworks",
					"@executable_path/../../Frameworks",
				);
				MARKETING_VERSION = 1.0.1;
				PRODUCT_BUNDLE_IDENTIFIER = me.jkelol111.Iamages.YouWidget;
				PRODUCT_NAME = "$(TARGET_NAME)";
				SKIP_INSTALL = YES;
				SUPPORTS_MACCATALYST = YES;
				SWIFT_EMIT_LOC_STRINGS = YES;
				SWIFT_VERSION = 5.0;
				TARGETED_DEVICE_FAMILY = "1,2";
			};
			name = Debug;
		};
		2EEE1D0E279BA37E00ADFDB1 /* Release */ = {
			isa = XCBuildConfiguration;
			buildSettings = {
				ASSETCATALOG_COMPILER_GLOBAL_ACCENT_COLOR_NAME = AccentColor;
				ASSETCATALOG_COMPILER_WIDGET_BACKGROUND_COLOR_NAME = WidgetBackground;
				CODE_SIGN_ENTITLEMENTS = YouWidget/YouWidgetExtension.entitlements;
				CODE_SIGN_STYLE = Automatic;
				CURRENT_PROJECT_VERSION = 1;
				DEVELOPMENT_TEAM = 2VZNUT7D2E;
				GENERATE_INFOPLIST_FILE = YES;
				INFOPLIST_FILE = YouWidget/Info.plist;
				INFOPLIST_KEY_CFBundleDisplayName = YouWidget;
				INFOPLIST_KEY_NSHumanReadableCopyright = "";
				LD_RUNPATH_SEARCH_PATHS = (
					"$(inherited)",
					"@executable_path/Frameworks",
					"@executable_path/../../Frameworks",
				);
				MARKETING_VERSION = 1.0.1;
				PRODUCT_BUNDLE_IDENTIFIER = me.jkelol111.Iamages.YouWidget;
				PRODUCT_NAME = "$(TARGET_NAME)";
				SKIP_INSTALL = YES;
				SUPPORTS_MACCATALYST = YES;
				SWIFT_EMIT_LOC_STRINGS = YES;
				SWIFT_VERSION = 5.0;
				TARGETED_DEVICE_FAMILY = "1,2";
			};
			name = Release;
		};
		2EF4F15D27784B8300E64446 /* Debug */ = {
			isa = XCBuildConfiguration;
			buildSettings = {
				ALWAYS_SEARCH_USER_PATHS = NO;
				CLANG_ANALYZER_NONNULL = YES;
				CLANG_ANALYZER_NUMBER_OBJECT_CONVERSION = YES_AGGRESSIVE;
				CLANG_CXX_LANGUAGE_STANDARD = "gnu++17";
				CLANG_CXX_LIBRARY = "libc++";
				CLANG_ENABLE_MODULES = YES;
				CLANG_ENABLE_OBJC_ARC = YES;
				CLANG_ENABLE_OBJC_WEAK = YES;
				CLANG_WARN_BLOCK_CAPTURE_AUTORELEASING = YES;
				CLANG_WARN_BOOL_CONVERSION = YES;
				CLANG_WARN_COMMA = YES;
				CLANG_WARN_CONSTANT_CONVERSION = YES;
				CLANG_WARN_DEPRECATED_OBJC_IMPLEMENTATIONS = YES;
				CLANG_WARN_DIRECT_OBJC_ISA_USAGE = YES_ERROR;
				CLANG_WARN_DOCUMENTATION_COMMENTS = YES;
				CLANG_WARN_EMPTY_BODY = YES;
				CLANG_WARN_ENUM_CONVERSION = YES;
				CLANG_WARN_INFINITE_RECURSION = YES;
				CLANG_WARN_INT_CONVERSION = YES;
				CLANG_WARN_NON_LITERAL_NULL_CONVERSION = YES;
				CLANG_WARN_OBJC_IMPLICIT_RETAIN_SELF = YES;
				CLANG_WARN_OBJC_LITERAL_CONVERSION = YES;
				CLANG_WARN_OBJC_ROOT_CLASS = YES_ERROR;
				CLANG_WARN_QUOTED_INCLUDE_IN_FRAMEWORK_HEADER = YES;
				CLANG_WARN_RANGE_LOOP_ANALYSIS = YES;
				CLANG_WARN_STRICT_PROTOTYPES = YES;
				CLANG_WARN_SUSPICIOUS_MOVE = YES;
				CLANG_WARN_UNGUARDED_AVAILABILITY = YES_AGGRESSIVE;
				CLANG_WARN_UNREACHABLE_CODE = YES;
				CLANG_WARN__DUPLICATE_METHOD_MATCH = YES;
				COPY_PHASE_STRIP = NO;
				DEBUG_INFORMATION_FORMAT = dwarf;
				ENABLE_STRICT_OBJC_MSGSEND = YES;
				ENABLE_TESTABILITY = YES;
				GCC_C_LANGUAGE_STANDARD = gnu11;
				GCC_DYNAMIC_NO_PIC = NO;
				GCC_NO_COMMON_BLOCKS = YES;
				GCC_OPTIMIZATION_LEVEL = 0;
				GCC_PREPROCESSOR_DEFINITIONS = (
					"DEBUG=1",
					"$(inherited)",
				);
				GCC_WARN_64_TO_32_BIT_CONVERSION = YES;
				GCC_WARN_ABOUT_RETURN_TYPE = YES_ERROR;
				GCC_WARN_UNDECLARED_SELECTOR = YES;
				GCC_WARN_UNINITIALIZED_AUTOS = YES_AGGRESSIVE;
				GCC_WARN_UNUSED_FUNCTION = YES;
				GCC_WARN_UNUSED_VARIABLE = YES;
				IPHONEOS_DEPLOYMENT_TARGET = 15.2;
				MTL_ENABLE_DEBUG_INFO = INCLUDE_SOURCE;
				MTL_FAST_MATH = YES;
				ONLY_ACTIVE_ARCH = YES;
				SDKROOT = iphoneos;
				SWIFT_ACTIVE_COMPILATION_CONDITIONS = DEBUG;
				SWIFT_OPTIMIZATION_LEVEL = "-Onone";
			};
			name = Debug;
		};
		2EF4F15E27784B8300E64446 /* Release */ = {
			isa = XCBuildConfiguration;
			buildSettings = {
				ALWAYS_SEARCH_USER_PATHS = NO;
				CLANG_ANALYZER_NONNULL = YES;
				CLANG_ANALYZER_NUMBER_OBJECT_CONVERSION = YES_AGGRESSIVE;
				CLANG_CXX_LANGUAGE_STANDARD = "gnu++17";
				CLANG_CXX_LIBRARY = "libc++";
				CLANG_ENABLE_MODULES = YES;
				CLANG_ENABLE_OBJC_ARC = YES;
				CLANG_ENABLE_OBJC_WEAK = YES;
				CLANG_WARN_BLOCK_CAPTURE_AUTORELEASING = YES;
				CLANG_WARN_BOOL_CONVERSION = YES;
				CLANG_WARN_COMMA = YES;
				CLANG_WARN_CONSTANT_CONVERSION = YES;
				CLANG_WARN_DEPRECATED_OBJC_IMPLEMENTATIONS = YES;
				CLANG_WARN_DIRECT_OBJC_ISA_USAGE = YES_ERROR;
				CLANG_WARN_DOCUMENTATION_COMMENTS = YES;
				CLANG_WARN_EMPTY_BODY = YES;
				CLANG_WARN_ENUM_CONVERSION = YES;
				CLANG_WARN_INFINITE_RECURSION = YES;
				CLANG_WARN_INT_CONVERSION = YES;
				CLANG_WARN_NON_LITERAL_NULL_CONVERSION = YES;
				CLANG_WARN_OBJC_IMPLICIT_RETAIN_SELF = YES;
				CLANG_WARN_OBJC_LITERAL_CONVERSION = YES;
				CLANG_WARN_OBJC_ROOT_CLASS = YES_ERROR;
				CLANG_WARN_QUOTED_INCLUDE_IN_FRAMEWORK_HEADER = YES;
				CLANG_WARN_RANGE_LOOP_ANALYSIS = YES;
				CLANG_WARN_STRICT_PROTOTYPES = YES;
				CLANG_WARN_SUSPICIOUS_MOVE = YES;
				CLANG_WARN_UNGUARDED_AVAILABILITY = YES_AGGRESSIVE;
				CLANG_WARN_UNREACHABLE_CODE = YES;
				CLANG_WARN__DUPLICATE_METHOD_MATCH = YES;
				COPY_PHASE_STRIP = NO;
				DEBUG_INFORMATION_FORMAT = "dwarf-with-dsym";
				ENABLE_NS_ASSERTIONS = NO;
				ENABLE_STRICT_OBJC_MSGSEND = YES;
				GCC_C_LANGUAGE_STANDARD = gnu11;
				GCC_NO_COMMON_BLOCKS = YES;
				GCC_WARN_64_TO_32_BIT_CONVERSION = YES;
				GCC_WARN_ABOUT_RETURN_TYPE = YES_ERROR;
				GCC_WARN_UNDECLARED_SELECTOR = YES;
				GCC_WARN_UNINITIALIZED_AUTOS = YES_AGGRESSIVE;
				GCC_WARN_UNUSED_FUNCTION = YES;
				GCC_WARN_UNUSED_VARIABLE = YES;
				IPHONEOS_DEPLOYMENT_TARGET = 15.2;
				MTL_ENABLE_DEBUG_INFO = NO;
				MTL_FAST_MATH = YES;
				SDKROOT = iphoneos;
				SWIFT_COMPILATION_MODE = wholemodule;
				SWIFT_OPTIMIZATION_LEVEL = "-O";
				VALIDATE_PRODUCT = YES;
			};
			name = Release;
		};
		2EF4F16027784B8300E64446 /* Debug */ = {
			isa = XCBuildConfiguration;
			buildSettings = {
				ALWAYS_EMBED_SWIFT_STANDARD_LIBRARIES = YES;
				ASSETCATALOG_COMPILER_APPICON_NAME = AppIcon;
				ASSETCATALOG_COMPILER_GLOBAL_ACCENT_COLOR_NAME = AccentColor;
				ASSETCATALOG_COMPILER_INCLUDE_ALL_APPICON_ASSETS = NO;
				CODE_SIGN_ENTITLEMENTS = Iamages/Iamages.entitlements;
				CODE_SIGN_STYLE = Automatic;
				CURRENT_PROJECT_VERSION = 1;
				DEVELOPMENT_ASSET_PATHS = "\"Iamages/Preview Content\"";
				DEVELOPMENT_TEAM = 2VZNUT7D2E;
				"ENABLE_HARDENED_RUNTIME[sdk=macosx*]" = YES;
				ENABLE_PREVIEWS = YES;
				GENERATE_INFOPLIST_FILE = YES;
				INFOPLIST_FILE = Iamages/Info.plist;
				INFOPLIST_KEY_LSApplicationCategoryType = "public.app-category.photography";
				INFOPLIST_KEY_NSHumanReadableCopyright = "© 2022-present Nam Thành Nguyễn (jkelol111) et. al. Licensed under the GPL v3. A copy of the license can be found in the source code.";
				INFOPLIST_KEY_NSPhotoLibraryAddUsageDescription = "This is used to add photos to your library.";
				INFOPLIST_KEY_UIApplicationSceneManifest_Generation = YES;
				INFOPLIST_KEY_UIApplicationSupportsIndirectInputEvents = YES;
				INFOPLIST_KEY_UILaunchScreen_Generation = YES;
				INFOPLIST_KEY_UISupportedInterfaceOrientations_iPad = "UIInterfaceOrientationPortrait UIInterfaceOrientationPortraitUpsideDown UIInterfaceOrientationLandscapeLeft UIInterfaceOrientationLandscapeRight";
				INFOPLIST_KEY_UISupportedInterfaceOrientations_iPhone = "UIInterfaceOrientationPortrait UIInterfaceOrientationLandscapeLeft UIInterfaceOrientationLandscapeRight";
				LD_RUNPATH_SEARCH_PATHS = (
					"$(inherited)",
					"@executable_path/Frameworks",
				);
				MARKETING_VERSION = 1.0.1;
				PRODUCT_BUNDLE_IDENTIFIER = me.jkelol111.Iamages;
				PRODUCT_NAME = "$(TARGET_NAME)";
				SUPPORTS_MACCATALYST = YES;
				SWIFT_EMIT_LOC_STRINGS = YES;
				SWIFT_VERSION = 5.0;
				TARGETED_DEVICE_FAMILY = "1,2";
			};
			name = Debug;
		};
		2EF4F16127784B8300E64446 /* Release */ = {
			isa = XCBuildConfiguration;
			buildSettings = {
				ALWAYS_EMBED_SWIFT_STANDARD_LIBRARIES = YES;
				ASSETCATALOG_COMPILER_APPICON_NAME = AppIcon;
				ASSETCATALOG_COMPILER_GLOBAL_ACCENT_COLOR_NAME = AccentColor;
				ASSETCATALOG_COMPILER_INCLUDE_ALL_APPICON_ASSETS = NO;
				CODE_SIGN_ENTITLEMENTS = Iamages/Iamages.entitlements;
				CODE_SIGN_STYLE = Automatic;
				CURRENT_PROJECT_VERSION = 1;
				DEVELOPMENT_ASSET_PATHS = "\"Iamages/Preview Content\"";
				DEVELOPMENT_TEAM = 2VZNUT7D2E;
				"ENABLE_HARDENED_RUNTIME[sdk=macosx*]" = YES;
				ENABLE_PREVIEWS = YES;
				GENERATE_INFOPLIST_FILE = YES;
				INFOPLIST_FILE = Iamages/Info.plist;
				INFOPLIST_KEY_LSApplicationCategoryType = "public.app-category.photography";
				INFOPLIST_KEY_NSHumanReadableCopyright = "© 2022-present Nam Thành Nguyễn (jkelol111) et. al. Licensed under the GPL v3. A copy of the license can be found in the source code.";
				INFOPLIST_KEY_NSPhotoLibraryAddUsageDescription = "This is used to add photos to your library.";
				INFOPLIST_KEY_UIApplicationSceneManifest_Generation = YES;
				INFOPLIST_KEY_UIApplicationSupportsIndirectInputEvents = YES;
				INFOPLIST_KEY_UILaunchScreen_Generation = YES;
				INFOPLIST_KEY_UISupportedInterfaceOrientations_iPad = "UIInterfaceOrientationPortrait UIInterfaceOrientationPortraitUpsideDown UIInterfaceOrientationLandscapeLeft UIInterfaceOrientationLandscapeRight";
				INFOPLIST_KEY_UISupportedInterfaceOrientations_iPhone = "UIInterfaceOrientationPortrait UIInterfaceOrientationLandscapeLeft UIInterfaceOrientationLandscapeRight";
				LD_RUNPATH_SEARCH_PATHS = (
					"$(inherited)",
					"@executable_path/Frameworks",
				);
				MARKETING_VERSION = 1.0.1;
				PRODUCT_BUNDLE_IDENTIFIER = me.jkelol111.Iamages;
				PRODUCT_NAME = "$(TARGET_NAME)";
				SUPPORTS_MACCATALYST = YES;
				SWIFT_EMIT_LOC_STRINGS = YES;
				SWIFT_VERSION = 5.0;
				TARGETED_DEVICE_FAMILY = "1,2";
			};
			name = Release;
		};
/* End XCBuildConfiguration section */

/* Begin XCConfigurationList section */
		2E22D5F7278F0DE500D3582D /* Build configuration list for PBXNativeTarget "FeedWidgetExtension" */ = {
			isa = XCConfigurationList;
			buildConfigurations = (
				2E22D5F5278F0DE500D3582D /* Debug */,
				2E22D5F6278F0DE500D3582D /* Release */,
			);
			defaultConfigurationIsVisible = 0;
			defaultConfigurationName = Release;
		};
		2E8E94FD27A027070053AA75 /* Build configuration list for PBXNativeTarget "ShareExtension" */ = {
			isa = XCConfigurationList;
			buildConfigurations = (
				2E8E94FB27A027070053AA75 /* Debug */,
				2E8E94FC27A027070053AA75 /* Release */,
			);
			defaultConfigurationIsVisible = 0;
			defaultConfigurationName = Release;
		};
		2EEE1D0F279BA37E00ADFDB1 /* Build configuration list for PBXNativeTarget "YouWidgetExtension" */ = {
			isa = XCConfigurationList;
			buildConfigurations = (
				2EEE1D0D279BA37E00ADFDB1 /* Debug */,
				2EEE1D0E279BA37E00ADFDB1 /* Release */,
			);
			defaultConfigurationIsVisible = 0;
			defaultConfigurationName = Release;
		};
		2EF4F14C27784B8100E64446 /* Build configuration list for PBXProject "Iamages" */ = {
			isa = XCConfigurationList;
			buildConfigurations = (
				2EF4F15D27784B8300E64446 /* Debug */,
				2EF4F15E27784B8300E64446 /* Release */,
			);
			defaultConfigurationIsVisible = 0;
			defaultConfigurationName = Release;
		};
		2EF4F15F27784B8300E64446 /* Build configuration list for PBXNativeTarget "Iamages" */ = {
			isa = XCConfigurationList;
			buildConfigurations = (
				2EF4F16027784B8300E64446 /* Debug */,
				2EF4F16127784B8300E64446 /* Release */,
			);
			defaultConfigurationIsVisible = 0;
			defaultConfigurationName = Release;
		};
/* End XCConfigurationList section */

/* Begin XCRemoteSwiftPackageReference section */
		2E8AC2FD279E404F001D6770 /* XCRemoteSwiftPackageReference "keychain-swift" */ = {
			isa = XCRemoteSwiftPackageReference;
			repositoryURL = "https://github.com/evgenyneu/keychain-swift.git";
			requirement = {
				kind = upToNextMajorVersion;
				minimumVersion = 20.0.0;
			};
		};
		2EF4F1B427784C5300E64446 /* XCRemoteSwiftPackageReference "Kingfisher" */ = {
			isa = XCRemoteSwiftPackageReference;
			repositoryURL = "https://github.com/onevcat/Kingfisher.git";
			requirement = {
				kind = upToNextMajorVersion;
				minimumVersion = 7.0.0;
			};
		};
		2EF4F1B727784C6400E64446 /* XCRemoteSwiftPackageReference "SPConfetti" */ = {
			isa = XCRemoteSwiftPackageReference;
			repositoryURL = "https://github.com/ivanvorobei/SPConfetti";
			requirement = {
				kind = upToNextMajorVersion;
				minimumVersion = 1.0.0;
			};
		};
/* End XCRemoteSwiftPackageReference section */

/* Begin XCSwiftPackageProductDependency section */
		2E8AC2FE279E404F001D6770 /* KeychainSwift */ = {
			isa = XCSwiftPackageProductDependency;
			package = 2E8AC2FD279E404F001D6770 /* XCRemoteSwiftPackageReference "keychain-swift" */;
			productName = KeychainSwift;
		};
		2E8AC300279E4075001D6770 /* KeychainSwift */ = {
			isa = XCSwiftPackageProductDependency;
			package = 2E8AC2FD279E404F001D6770 /* XCRemoteSwiftPackageReference "keychain-swift" */;
			productName = KeychainSwift;
		};
		2E8E950427A037060053AA75 /* KeychainSwift */ = {
			isa = XCSwiftPackageProductDependency;
			package = 2E8AC2FD279E404F001D6770 /* XCRemoteSwiftPackageReference "keychain-swift" */;
			productName = KeychainSwift;
		};
		2EF4F1B527784C5300E64446 /* Kingfisher */ = {
			isa = XCSwiftPackageProductDependency;
			package = 2EF4F1B427784C5300E64446 /* XCRemoteSwiftPackageReference "Kingfisher" */;
			productName = Kingfisher;
		};
		2EF4F1B827784C6400E64446 /* SPConfetti */ = {
			isa = XCSwiftPackageProductDependency;
			package = 2EF4F1B727784C6400E64446 /* XCRemoteSwiftPackageReference "SPConfetti" */;
			productName = SPConfetti;
		};
/* End XCSwiftPackageProductDependency section */
	};
	rootObject = 2EF4F14927784B8100E64446 /* Project object */;
}
