// !$*UTF8*$!
{
	archiveVersion = 1;
	classes = {
	};
	objectVersion = 56;
	objects = {

/* Begin PBXBuildFile section */
		2E0424D228DAACD50023CE41 /* LoginSheetView.swift in Sources */ = {isa = PBXBuildFile; fileRef = 2E0424D128DAACD50023CE41 /* LoginSheetView.swift */; };
		2E0424D428DAAE2D0023CE41 /* HelpLinksView.swift in Sources */ = {isa = PBXBuildFile; fileRef = 2E0424D328DAAE2D0023CE41 /* HelpLinksView.swift */; };
		2E0424D628DB469B0023CE41 /* ImagesGridView.swift in Sources */ = {isa = PBXBuildFile; fileRef = 2E0424D528DB469B0023CE41 /* ImagesGridView.swift */; };
		2E0424D828DC81170023CE41 /* ImageDetailView.swift in Sources */ = {isa = PBXBuildFile; fileRef = 2E0424D728DC81170023CE41 /* ImageDetailView.swift */; };
		2E0424DA28DC92540023CE41 /* UploadView.swift in Sources */ = {isa = PBXBuildFile; fileRef = 2E0424D928DC92540023CE41 /* UploadView.swift */; };
		2E0424DC28DF4B430023CE41 /* ImageNavigationLink.swift in Sources */ = {isa = PBXBuildFile; fileRef = 2E0424DB28DF4B430023CE41 /* ImageNavigationLink.swift */; };
		2E509E7728EEE98800ABC072 /* View+Utils.swift in Sources */ = {isa = PBXBuildFile; fileRef = 2E509E7628EEE98800ABC072 /* View+Utils.swift */; };
		2E509E7928EEE9BE00ABC072 /* AppErrors.swift in Sources */ = {isa = PBXBuildFile; fileRef = 2E509E7828EEE9BE00ABC072 /* AppErrors.swift */; };
		2E509E7B28F154E600ABC072 /* OwnerlessSheetView.swift in Sources */ = {isa = PBXBuildFile; fileRef = 2E509E7A28F154E600ABC072 /* OwnerlessSheetView.swift */; };
		2E509E7E28F15AD900ABC072 /* GRDB in Frameworks */ = {isa = PBXBuildFile; productRef = 2E509E7D28F15AD900ABC072 /* GRDB */; };
		2E509E8128F15AF600ABC072 /* GRDBQuery in Frameworks */ = {isa = PBXBuildFile; productRef = 2E509E8028F15AF600ABC072 /* GRDBQuery */; };
		2E509E8328F15C8F00ABC072 /* EnvironmentValues+GRDB.swift in Sources */ = {isa = PBXBuildFile; fileRef = 2E509E8228F15C8F00ABC072 /* EnvironmentValues+GRDB.swift */; };
		2E509E8528F15DC200ABC072 /* Bundle+About.swift in Sources */ = {isa = PBXBuildFile; fileRef = 2E509E8428F15DC200ABC072 /* Bundle+About.swift */; };
		2E5E698F28B5C3D100CFCA3C /* IamagesApp.swift in Sources */ = {isa = PBXBuildFile; fileRef = 2E5E698E28B5C3D100CFCA3C /* IamagesApp.swift */; };
		2E5E699328B5C3D200CFCA3C /* Assets.xcassets in Resources */ = {isa = PBXBuildFile; fileRef = 2E5E699228B5C3D200CFCA3C /* Assets.xcassets */; };
		2E5E699728B5C3D200CFCA3C /* Preview Assets.xcassets in Resources */ = {isa = PBXBuildFile; fileRef = 2E5E699628B5C3D200CFCA3C /* Preview Assets.xcassets */; };
		2E5E699F28B5C79F00CFCA3C /* KeychainAccess in Frameworks */ = {isa = PBXBuildFile; productRef = 2E5E699E28B5C79F00CFCA3C /* KeychainAccess */; };
		2E5E69A228B5CDD700CFCA3C /* MultipartFormData in Frameworks */ = {isa = PBXBuildFile; productRef = 2E5E69A128B5CDD700CFCA3C /* MultipartFormData */; };
		2E73DF9A28BA22DF009DDC24 /* Argon2Swift in Frameworks */ = {isa = PBXBuildFile; productRef = 2E73DF9928BA22DF009DDC24 /* Argon2Swift */; };
		2E73DF9C28BB0A4B009DDC24 /* KeychainAccess+PropertyWrapper.swift in Sources */ = {isa = PBXBuildFile; fileRef = 2E73DF9B28BB0A4B009DDC24 /* KeychainAccess+PropertyWrapper.swift */; };
		2E8B2FA028B5D0A80071780B /* NukeUI in Frameworks */ = {isa = PBXBuildFile; productRef = 2E8B2F9F28B5D0A80071780B /* NukeUI */; };
		2E8B2FA328B5D0D90071780B /* SettingsView.swift in Sources */ = {isa = PBXBuildFile; fileRef = 2E8B2FA228B5D0D90071780B /* SettingsView.swift */; };
		2E8B2FA728B5D4D20071780B /* Images.swift in Sources */ = {isa = PBXBuildFile; fileRef = 2E8B2FA628B5D4D20071780B /* Images.swift */; };
		2E8B2FAC28B5E1150071780B /* ViewModel.swift in Sources */ = {isa = PBXBuildFile; fileRef = 2E8B2FAB28B5E1150071780B /* ViewModel.swift */; };
		2E8B2FAE28B5E1520071780B /* Users.swift in Sources */ = {isa = PBXBuildFile; fileRef = 2E8B2FAD28B5E1520071780B /* Users.swift */; };
		2E8B2FB028B72D7F0071780B /* RootNavigationView.swift in Sources */ = {isa = PBXBuildFile; fileRef = 2E8B2FAF28B72D7F0071780B /* RootNavigationView.swift */; };
/* End PBXBuildFile section */

/* Begin PBXFileReference section */
		2E0424D128DAACD50023CE41 /* LoginSheetView.swift */ = {isa = PBXFileReference; lastKnownFileType = sourcecode.swift; path = LoginSheetView.swift; sourceTree = "<group>"; };
		2E0424D328DAAE2D0023CE41 /* HelpLinksView.swift */ = {isa = PBXFileReference; lastKnownFileType = sourcecode.swift; path = HelpLinksView.swift; sourceTree = "<group>"; };
		2E0424D528DB469B0023CE41 /* ImagesGridView.swift */ = {isa = PBXFileReference; lastKnownFileType = sourcecode.swift; path = ImagesGridView.swift; sourceTree = "<group>"; };
		2E0424D728DC81170023CE41 /* ImageDetailView.swift */ = {isa = PBXFileReference; lastKnownFileType = sourcecode.swift; path = ImageDetailView.swift; sourceTree = "<group>"; };
		2E0424D928DC92540023CE41 /* UploadView.swift */ = {isa = PBXFileReference; lastKnownFileType = sourcecode.swift; path = UploadView.swift; sourceTree = "<group>"; };
		2E0424DB28DF4B430023CE41 /* ImageNavigationLink.swift */ = {isa = PBXFileReference; lastKnownFileType = sourcecode.swift; path = ImageNavigationLink.swift; sourceTree = "<group>"; };
		2E509E7628EEE98800ABC072 /* View+Utils.swift */ = {isa = PBXFileReference; lastKnownFileType = sourcecode.swift; path = "View+Utils.swift"; sourceTree = "<group>"; };
		2E509E7828EEE9BE00ABC072 /* AppErrors.swift */ = {isa = PBXFileReference; lastKnownFileType = sourcecode.swift; path = AppErrors.swift; sourceTree = "<group>"; };
		2E509E7A28F154E600ABC072 /* OwnerlessSheetView.swift */ = {isa = PBXFileReference; lastKnownFileType = sourcecode.swift; path = OwnerlessSheetView.swift; sourceTree = "<group>"; };
		2E509E8228F15C8F00ABC072 /* EnvironmentValues+GRDB.swift */ = {isa = PBXFileReference; lastKnownFileType = sourcecode.swift; path = "EnvironmentValues+GRDB.swift"; sourceTree = "<group>"; };
		2E509E8428F15DC200ABC072 /* Bundle+About.swift */ = {isa = PBXFileReference; lastKnownFileType = sourcecode.swift; path = "Bundle+About.swift"; sourceTree = "<group>"; };
		2E509E8628F1997000ABC072 /* Info.plist */ = {isa = PBXFileReference; lastKnownFileType = text.plist.xml; path = Info.plist; sourceTree = "<group>"; };
		2E5E698B28B5C3D100CFCA3C /* Iamages.app */ = {isa = PBXFileReference; explicitFileType = wrapper.application; includeInIndex = 0; path = Iamages.app; sourceTree = BUILT_PRODUCTS_DIR; };
		2E5E698E28B5C3D100CFCA3C /* IamagesApp.swift */ = {isa = PBXFileReference; lastKnownFileType = sourcecode.swift; path = IamagesApp.swift; sourceTree = "<group>"; };
		2E5E699228B5C3D200CFCA3C /* Assets.xcassets */ = {isa = PBXFileReference; lastKnownFileType = folder.assetcatalog; path = Assets.xcassets; sourceTree = "<group>"; };
		2E5E699428B5C3D200CFCA3C /* App.entitlements */ = {isa = PBXFileReference; lastKnownFileType = text.plist.entitlements; path = App.entitlements; sourceTree = "<group>"; };
		2E5E699628B5C3D200CFCA3C /* Preview Assets.xcassets */ = {isa = PBXFileReference; lastKnownFileType = folder.assetcatalog; path = "Preview Assets.xcassets"; sourceTree = "<group>"; };
		2E73DF9B28BB0A4B009DDC24 /* KeychainAccess+PropertyWrapper.swift */ = {isa = PBXFileReference; lastKnownFileType = sourcecode.swift; path = "KeychainAccess+PropertyWrapper.swift"; sourceTree = "<group>"; };
		2E8B2FA228B5D0D90071780B /* SettingsView.swift */ = {isa = PBXFileReference; lastKnownFileType = sourcecode.swift; path = SettingsView.swift; sourceTree = "<group>"; };
		2E8B2FA628B5D4D20071780B /* Images.swift */ = {isa = PBXFileReference; lastKnownFileType = sourcecode.swift; path = Images.swift; sourceTree = "<group>"; };
		2E8B2FAB28B5E1150071780B /* ViewModel.swift */ = {isa = PBXFileReference; lastKnownFileType = sourcecode.swift; path = ViewModel.swift; sourceTree = "<group>"; };
		2E8B2FAD28B5E1520071780B /* Users.swift */ = {isa = PBXFileReference; lastKnownFileType = sourcecode.swift; path = Users.swift; sourceTree = "<group>"; };
		2E8B2FAF28B72D7F0071780B /* RootNavigationView.swift */ = {isa = PBXFileReference; lastKnownFileType = sourcecode.swift; path = RootNavigationView.swift; sourceTree = "<group>"; };
/* End PBXFileReference section */

/* Begin PBXFrameworksBuildPhase section */
		2E5E698828B5C3D100CFCA3C /* Frameworks */ = {
			isa = PBXFrameworksBuildPhase;
			buildActionMask = 2147483647;
			files = (
				2E8B2FA028B5D0A80071780B /* NukeUI in Frameworks */,
				2E509E7E28F15AD900ABC072 /* GRDB in Frameworks */,
				2E509E8128F15AF600ABC072 /* GRDBQuery in Frameworks */,
				2E73DF9A28BA22DF009DDC24 /* Argon2Swift in Frameworks */,
				2E5E699F28B5C79F00CFCA3C /* KeychainAccess in Frameworks */,
				2E5E69A228B5CDD700CFCA3C /* MultipartFormData in Frameworks */,
			);
			runOnlyForDeploymentPostprocessing = 0;
		};
/* End PBXFrameworksBuildPhase section */

/* Begin PBXGroup section */
		2E5E698228B5C3D100CFCA3C = {
			isa = PBXGroup;
			children = (
				2E5E698D28B5C3D100CFCA3C /* App */,
				2E5E698C28B5C3D100CFCA3C /* Products */,
			);
			sourceTree = "<group>";
		};
		2E5E698C28B5C3D100CFCA3C /* Products */ = {
			isa = PBXGroup;
			children = (
				2E5E698B28B5C3D100CFCA3C /* Iamages.app */,
			);
			name = Products;
			sourceTree = "<group>";
		};
		2E5E698D28B5C3D100CFCA3C /* App */ = {
			isa = PBXGroup;
			children = (
				2E8B2FA428B5D1A10071780B /* Extensions */,
				2E8B2FA528B5D4BB0071780B /* Models */,
				2E8B2FA128B5D0C70071780B /* Views */,
				2E5E698E28B5C3D100CFCA3C /* IamagesApp.swift */,
				2E5E699228B5C3D200CFCA3C /* Assets.xcassets */,
				2E5E699428B5C3D200CFCA3C /* App.entitlements */,
				2E509E8628F1997000ABC072 /* Info.plist */,
				2E5E699528B5C3D200CFCA3C /* Preview Content */,
			);
			path = App;
			sourceTree = "<group>";
		};
		2E5E699528B5C3D200CFCA3C /* Preview Content */ = {
			isa = PBXGroup;
			children = (
				2E5E699628B5C3D200CFCA3C /* Preview Assets.xcassets */,
			);
			path = "Preview Content";
			sourceTree = "<group>";
		};
		2E8B2FA128B5D0C70071780B /* Views */ = {
			isa = PBXGroup;
			children = (
				2E8B2FA228B5D0D90071780B /* SettingsView.swift */,
				2E8B2FAF28B72D7F0071780B /* RootNavigationView.swift */,
				2E0424D128DAACD50023CE41 /* LoginSheetView.swift */,
				2E0424D328DAAE2D0023CE41 /* HelpLinksView.swift */,
				2E0424D528DB469B0023CE41 /* ImagesGridView.swift */,
				2E0424D728DC81170023CE41 /* ImageDetailView.swift */,
				2E0424D928DC92540023CE41 /* UploadView.swift */,
				2E0424DB28DF4B430023CE41 /* ImageNavigationLink.swift */,
				2E509E7A28F154E600ABC072 /* OwnerlessSheetView.swift */,
			);
			path = Views;
			sourceTree = "<group>";
		};
		2E8B2FA428B5D1A10071780B /* Extensions */ = {
			isa = PBXGroup;
			children = (
				2E73DF9B28BB0A4B009DDC24 /* KeychainAccess+PropertyWrapper.swift */,
				2E509E7628EEE98800ABC072 /* View+Utils.swift */,
				2E509E8228F15C8F00ABC072 /* EnvironmentValues+GRDB.swift */,
				2E509E8428F15DC200ABC072 /* Bundle+About.swift */,
			);
			path = Extensions;
			sourceTree = "<group>";
		};
		2E8B2FA528B5D4BB0071780B /* Models */ = {
			isa = PBXGroup;
			children = (
				2E8B2FA628B5D4D20071780B /* Images.swift */,
				2E8B2FAD28B5E1520071780B /* Users.swift */,
				2E8B2FAB28B5E1150071780B /* ViewModel.swift */,
				2E509E7828EEE9BE00ABC072 /* AppErrors.swift */,
			);
			path = Models;
			sourceTree = "<group>";
		};
/* End PBXGroup section */

/* Begin PBXNativeTarget section */
		2E5E698A28B5C3D100CFCA3C /* Iamages */ = {
			isa = PBXNativeTarget;
			buildConfigurationList = 2E5E699A28B5C3D200CFCA3C /* Build configuration list for PBXNativeTarget "Iamages" */;
			buildPhases = (
				2E5E698728B5C3D100CFCA3C /* Sources */,
				2E5E698828B5C3D100CFCA3C /* Frameworks */,
				2E5E698928B5C3D100CFCA3C /* Resources */,
			);
			buildRules = (
			);
			dependencies = (
			);
			name = Iamages;
			packageProductDependencies = (
				2E5E699E28B5C79F00CFCA3C /* KeychainAccess */,
				2E5E69A128B5CDD700CFCA3C /* MultipartFormData */,
				2E8B2F9F28B5D0A80071780B /* NukeUI */,
				2E73DF9928BA22DF009DDC24 /* Argon2Swift */,
				2E509E7D28F15AD900ABC072 /* GRDB */,
				2E509E8028F15AF600ABC072 /* GRDBQuery */,
			);
			productName = Iamages;
			productReference = 2E5E698B28B5C3D100CFCA3C /* Iamages.app */;
			productType = "com.apple.product-type.application";
		};
/* End PBXNativeTarget section */

/* Begin PBXProject section */
		2E5E698328B5C3D100CFCA3C /* Project object */ = {
			isa = PBXProject;
			attributes = {
				BuildIndependentTargetsInParallel = 1;
				LastSwiftUpdateCheck = 1400;
				LastUpgradeCheck = 1400;
				TargetAttributes = {
					2E5E698A28B5C3D100CFCA3C = {
						CreatedOnToolsVersion = 14.0;
					};
				};
			};
			buildConfigurationList = 2E5E698628B5C3D100CFCA3C /* Build configuration list for PBXProject "Iamages" */;
			compatibilityVersion = "Xcode 14.0";
			developmentRegion = en;
			hasScannedForEncodings = 0;
			knownRegions = (
				en,
				Base,
			);
			mainGroup = 2E5E698228B5C3D100CFCA3C;
			packageReferences = (
				2E5E699D28B5C79F00CFCA3C /* XCRemoteSwiftPackageReference "KeychainAccess" */,
				2E5E69A028B5CDD700CFCA3C /* XCRemoteSwiftPackageReference "swift-multipart-formdata" */,
				2E8B2F9E28B5D0A80071780B /* XCRemoteSwiftPackageReference "Nuke" */,
				2E73DF9828BA22DF009DDC24 /* XCRemoteSwiftPackageReference "Argon2Swift" */,
				2E509E7C28F15AD900ABC072 /* XCRemoteSwiftPackageReference "GRDB.swift" */,
				2E509E7F28F15AF600ABC072 /* XCRemoteSwiftPackageReference "GRDBQuery" */,
			);
			productRefGroup = 2E5E698C28B5C3D100CFCA3C /* Products */;
			projectDirPath = "";
			projectRoot = "";
			targets = (
				2E5E698A28B5C3D100CFCA3C /* Iamages */,
			);
		};
/* End PBXProject section */

/* Begin PBXResourcesBuildPhase section */
		2E5E698928B5C3D100CFCA3C /* Resources */ = {
			isa = PBXResourcesBuildPhase;
			buildActionMask = 2147483647;
			files = (
				2E5E699728B5C3D200CFCA3C /* Preview Assets.xcassets in Resources */,
				2E5E699328B5C3D200CFCA3C /* Assets.xcassets in Resources */,
			);
			runOnlyForDeploymentPostprocessing = 0;
		};
/* End PBXResourcesBuildPhase section */

/* Begin PBXSourcesBuildPhase section */
		2E5E698728B5C3D100CFCA3C /* Sources */ = {
			isa = PBXSourcesBuildPhase;
			buildActionMask = 2147483647;
			files = (
				2E73DF9C28BB0A4B009DDC24 /* KeychainAccess+PropertyWrapper.swift in Sources */,
				2E0424DA28DC92540023CE41 /* UploadView.swift in Sources */,
				2E509E8328F15C8F00ABC072 /* EnvironmentValues+GRDB.swift in Sources */,
				2E8B2FA328B5D0D90071780B /* SettingsView.swift in Sources */,
				2E8B2FA728B5D4D20071780B /* Images.swift in Sources */,
				2E509E7728EEE98800ABC072 /* View+Utils.swift in Sources */,
				2E0424D828DC81170023CE41 /* ImageDetailView.swift in Sources */,
				2E8B2FAC28B5E1150071780B /* ViewModel.swift in Sources */,
				2E0424D228DAACD50023CE41 /* LoginSheetView.swift in Sources */,
				2E0424DC28DF4B430023CE41 /* ImageNavigationLink.swift in Sources */,
				2E509E7B28F154E600ABC072 /* OwnerlessSheetView.swift in Sources */,
				2E8B2FAE28B5E1520071780B /* Users.swift in Sources */,
				2E0424D428DAAE2D0023CE41 /* HelpLinksView.swift in Sources */,
				2E509E8528F15DC200ABC072 /* Bundle+About.swift in Sources */,
				2E0424D628DB469B0023CE41 /* ImagesGridView.swift in Sources */,
				2E509E7928EEE9BE00ABC072 /* AppErrors.swift in Sources */,
				2E8B2FB028B72D7F0071780B /* RootNavigationView.swift in Sources */,
				2E5E698F28B5C3D100CFCA3C /* IamagesApp.swift in Sources */,
			);
			runOnlyForDeploymentPostprocessing = 0;
		};
/* End PBXSourcesBuildPhase section */

/* Begin XCBuildConfiguration section */
		2E5E699828B5C3D200CFCA3C /* Debug */ = {
			isa = XCBuildConfiguration;
			buildSettings = {
				ALWAYS_SEARCH_USER_PATHS = NO;
				CLANG_ANALYZER_NONNULL = YES;
				CLANG_ANALYZER_NUMBER_OBJECT_CONVERSION = YES_AGGRESSIVE;
				CLANG_CXX_LANGUAGE_STANDARD = "gnu++20";
				CLANG_ENABLE_MODULES = YES;
				CLANG_ENABLE_OBJC_ARC = YES;
				CLANG_ENABLE_OBJC_WEAK = YES;
				CLANG_WARN_BLOCK_CAPTURE_AUTORELEASING = YES;
				CLANG_WARN_BOOL_CONVERSION = YES;
				CLANG_WARN_COMMA = YES;
				CLANG_WARN_CONSTANT_CONVERSION = YES;
				CLANG_WARN_DEPRECATED_OBJC_IMPLEMENTATIONS = YES;
				CLANG_WARN_DIRECT_OBJC_ISA_USAGE = YES_ERROR;
				CLANG_WARN_DOCUMENTATION_COMMENTS = YES;
				CLANG_WARN_EMPTY_BODY = YES;
				CLANG_WARN_ENUM_CONVERSION = YES;
				CLANG_WARN_INFINITE_RECURSION = YES;
				CLANG_WARN_INT_CONVERSION = YES;
				CLANG_WARN_NON_LITERAL_NULL_CONVERSION = YES;
				CLANG_WARN_OBJC_IMPLICIT_RETAIN_SELF = YES;
				CLANG_WARN_OBJC_LITERAL_CONVERSION = YES;
				CLANG_WARN_OBJC_ROOT_CLASS = YES_ERROR;
				CLANG_WARN_QUOTED_INCLUDE_IN_FRAMEWORK_HEADER = YES;
				CLANG_WARN_RANGE_LOOP_ANALYSIS = YES;
				CLANG_WARN_STRICT_PROTOTYPES = YES;
				CLANG_WARN_SUSPICIOUS_MOVE = YES;
				CLANG_WARN_UNGUARDED_AVAILABILITY = YES_AGGRESSIVE;
				CLANG_WARN_UNREACHABLE_CODE = YES;
				CLANG_WARN__DUPLICATE_METHOD_MATCH = YES;
				COPY_PHASE_STRIP = NO;
				DEBUG_INFORMATION_FORMAT = dwarf;
				ENABLE_STRICT_OBJC_MSGSEND = YES;
				ENABLE_TESTABILITY = YES;
				GCC_C_LANGUAGE_STANDARD = gnu11;
				GCC_DYNAMIC_NO_PIC = NO;
				GCC_NO_COMMON_BLOCKS = YES;
				GCC_OPTIMIZATION_LEVEL = 0;
				GCC_PREPROCESSOR_DEFINITIONS = (
					"DEBUG=1",
					"$(inherited)",
				);
				GCC_WARN_64_TO_32_BIT_CONVERSION = YES;
				GCC_WARN_ABOUT_RETURN_TYPE = YES_ERROR;
				GCC_WARN_UNDECLARED_SELECTOR = YES;
				GCC_WARN_UNINITIALIZED_AUTOS = YES_AGGRESSIVE;
				GCC_WARN_UNUSED_FUNCTION = YES;
				GCC_WARN_UNUSED_VARIABLE = YES;
				MTL_ENABLE_DEBUG_INFO = INCLUDE_SOURCE;
				MTL_FAST_MATH = YES;
				ONLY_ACTIVE_ARCH = YES;
				SWIFT_ACTIVE_COMPILATION_CONDITIONS = DEBUG;
				SWIFT_OPTIMIZATION_LEVEL = "-Onone";
			};
			name = Debug;
		};
		2E5E699928B5C3D200CFCA3C /* Release */ = {
			isa = XCBuildConfiguration;
			buildSettings = {
				ALWAYS_SEARCH_USER_PATHS = NO;
				CLANG_ANALYZER_NONNULL = YES;
				CLANG_ANALYZER_NUMBER_OBJECT_CONVERSION = YES_AGGRESSIVE;
				CLANG_CXX_LANGUAGE_STANDARD = "gnu++20";
				CLANG_ENABLE_MODULES = YES;
				CLANG_ENABLE_OBJC_ARC = YES;
				CLANG_ENABLE_OBJC_WEAK = YES;
				CLANG_WARN_BLOCK_CAPTURE_AUTORELEASING = YES;
				CLANG_WARN_BOOL_CONVERSION = YES;
				CLANG_WARN_COMMA = YES;
				CLANG_WARN_CONSTANT_CONVERSION = YES;
				CLANG_WARN_DEPRECATED_OBJC_IMPLEMENTATIONS = YES;
				CLANG_WARN_DIRECT_OBJC_ISA_USAGE = YES_ERROR;
				CLANG_WARN_DOCUMENTATION_COMMENTS = YES;
				CLANG_WARN_EMPTY_BODY = YES;
				CLANG_WARN_ENUM_CONVERSION = YES;
				CLANG_WARN_INFINITE_RECURSION = YES;
				CLANG_WARN_INT_CONVERSION = YES;
				CLANG_WARN_NON_LITERAL_NULL_CONVERSION = YES;
				CLANG_WARN_OBJC_IMPLICIT_RETAIN_SELF = YES;
				CLANG_WARN_OBJC_LITERAL_CONVERSION = YES;
				CLANG_WARN_OBJC_ROOT_CLASS = YES_ERROR;
				CLANG_WARN_QUOTED_INCLUDE_IN_FRAMEWORK_HEADER = YES;
				CLANG_WARN_RANGE_LOOP_ANALYSIS = YES;
				CLANG_WARN_STRICT_PROTOTYPES = YES;
				CLANG_WARN_SUSPICIOUS_MOVE = YES;
				CLANG_WARN_UNGUARDED_AVAILABILITY = YES_AGGRESSIVE;
				CLANG_WARN_UNREACHABLE_CODE = YES;
				CLANG_WARN__DUPLICATE_METHOD_MATCH = YES;
				COPY_PHASE_STRIP = NO;
				DEBUG_INFORMATION_FORMAT = "dwarf-with-dsym";
				ENABLE_NS_ASSERTIONS = NO;
				ENABLE_STRICT_OBJC_MSGSEND = YES;
				GCC_C_LANGUAGE_STANDARD = gnu11;
				GCC_NO_COMMON_BLOCKS = YES;
				GCC_WARN_64_TO_32_BIT_CONVERSION = YES;
				GCC_WARN_ABOUT_RETURN_TYPE = YES_ERROR;
				GCC_WARN_UNDECLARED_SELECTOR = YES;
				GCC_WARN_UNINITIALIZED_AUTOS = YES_AGGRESSIVE;
				GCC_WARN_UNUSED_FUNCTION = YES;
				GCC_WARN_UNUSED_VARIABLE = YES;
				MTL_ENABLE_DEBUG_INFO = NO;
				MTL_FAST_MATH = YES;
				SWIFT_COMPILATION_MODE = wholemodule;
				SWIFT_OPTIMIZATION_LEVEL = "-O";
			};
			name = Release;
		};
		2E5E699B28B5C3D200CFCA3C /* Debug */ = {
			isa = XCBuildConfiguration;
			buildSettings = {
				ASSETCATALOG_COMPILER_APPICON_NAME = AppIcon;
				ASSETCATALOG_COMPILER_GLOBAL_ACCENT_COLOR_NAME = AccentColor;
				CODE_SIGN_ENTITLEMENTS = App/App.entitlements;
				CODE_SIGN_STYLE = Automatic;
				CURRENT_PROJECT_VERSION = 1;
				DEVELOPMENT_ASSET_PATHS = "\"App/Preview Content\"";
				DEVELOPMENT_TEAM = 2VZNUT7D2E;
				ENABLE_HARDENED_RUNTIME = YES;
				"ENABLE_HARDENED_RUNTIME[sdk=macosx*]" = YES;
				ENABLE_PREVIEWS = YES;
				GENERATE_INFOPLIST_FILE = YES;
				INFOPLIST_FILE = App/Info.plist;
				INFOPLIST_KEY_LSApplicationCategoryType = "public.app-category.photography";
				"INFOPLIST_KEY_UIApplicationSceneManifest_Generation[sdk=iphoneos*]" = YES;
				"INFOPLIST_KEY_UIApplicationSceneManifest_Generation[sdk=iphonesimulator*]" = YES;
				"INFOPLIST_KEY_UIApplicationSupportsIndirectInputEvents[sdk=iphoneos*]" = YES;
				"INFOPLIST_KEY_UIApplicationSupportsIndirectInputEvents[sdk=iphonesimulator*]" = YES;
				"INFOPLIST_KEY_UILaunchScreen_Generation[sdk=iphoneos*]" = YES;
				"INFOPLIST_KEY_UILaunchScreen_Generation[sdk=iphonesimulator*]" = YES;
				"INFOPLIST_KEY_UIStatusBarStyle[sdk=iphoneos*]" = UIStatusBarStyleDefault;
				"INFOPLIST_KEY_UIStatusBarStyle[sdk=iphonesimulator*]" = UIStatusBarStyleDefault;
				INFOPLIST_KEY_UISupportedInterfaceOrientations_iPad = "UIInterfaceOrientationPortrait UIInterfaceOrientationPortraitUpsideDown UIInterfaceOrientationLandscapeLeft UIInterfaceOrientationLandscapeRight";
				INFOPLIST_KEY_UISupportedInterfaceOrientations_iPhone = "UIInterfaceOrientationPortrait UIInterfaceOrientationLandscapeLeft UIInterfaceOrientationLandscapeRight";
				IPHONEOS_DEPLOYMENT_TARGET = 16.0;
				LD_RUNPATH_SEARCH_PATHS = "@executable_path/Frameworks";
				"LD_RUNPATH_SEARCH_PATHS[sdk=macosx*]" = "@executable_path/../Frameworks";
				MACOSX_DEPLOYMENT_TARGET = 13.0;
				MARKETING_VERSION = 4.0.0;
				PRODUCT_BUNDLE_IDENTIFIER = me.jkelol111.Iamages;
				PRODUCT_NAME = "$(TARGET_NAME)";
				SDKROOT = auto;
				SUPPORTED_PLATFORMS = "iphoneos iphonesimulator macosx";
				SWIFT_EMIT_LOC_STRINGS = YES;
				SWIFT_VERSION = 5.0;
				TARGETED_DEVICE_FAMILY = "1,2";
			};
			name = Debug;
		};
		2E5E699C28B5C3D200CFCA3C /* Release */ = {
			isa = XCBuildConfiguration;
			buildSettings = {
				ASSETCATALOG_COMPILER_APPICON_NAME = AppIcon;
				ASSETCATALOG_COMPILER_GLOBAL_ACCENT_COLOR_NAME = AccentColor;
				CODE_SIGN_ENTITLEMENTS = App/App.entitlements;
				CODE_SIGN_STYLE = Automatic;
				CURRENT_PROJECT_VERSION = 1;
				DEVELOPMENT_ASSET_PATHS = "\"App/Preview Content\"";
				DEVELOPMENT_TEAM = 2VZNUT7D2E;
				ENABLE_HARDENED_RUNTIME = YES;
				"ENABLE_HARDENED_RUNTIME[sdk=macosx*]" = YES;
				ENABLE_PREVIEWS = YES;
				GENERATE_INFOPLIST_FILE = YES;
				INFOPLIST_FILE = App/Info.plist;
				INFOPLIST_KEY_LSApplicationCategoryType = "public.app-category.photography";
				"INFOPLIST_KEY_UIApplicationSceneManifest_Generation[sdk=iphoneos*]" = YES;
				"INFOPLIST_KEY_UIApplicationSceneManifest_Generation[sdk=iphonesimulator*]" = YES;
				"INFOPLIST_KEY_UIApplicationSupportsIndirectInputEvents[sdk=iphoneos*]" = YES;
				"INFOPLIST_KEY_UIApplicationSupportsIndirectInputEvents[sdk=iphonesimulator*]" = YES;
				"INFOPLIST_KEY_UILaunchScreen_Generation[sdk=iphoneos*]" = YES;
				"INFOPLIST_KEY_UILaunchScreen_Generation[sdk=iphonesimulator*]" = YES;
				"INFOPLIST_KEY_UIStatusBarStyle[sdk=iphoneos*]" = UIStatusBarStyleDefault;
				"INFOPLIST_KEY_UIStatusBarStyle[sdk=iphonesimulator*]" = UIStatusBarStyleDefault;
				INFOPLIST_KEY_UISupportedInterfaceOrientations_iPad = "UIInterfaceOrientationPortrait UIInterfaceOrientationPortraitUpsideDown UIInterfaceOrientationLandscapeLeft UIInterfaceOrientationLandscapeRight";
				INFOPLIST_KEY_UISupportedInterfaceOrientations_iPhone = "UIInterfaceOrientationPortrait UIInterfaceOrientationLandscapeLeft UIInterfaceOrientationLandscapeRight";
				IPHONEOS_DEPLOYMENT_TARGET = 16.0;
				LD_RUNPATH_SEARCH_PATHS = "@executable_path/Frameworks";
				"LD_RUNPATH_SEARCH_PATHS[sdk=macosx*]" = "@executable_path/../Frameworks";
				MACOSX_DEPLOYMENT_TARGET = 13.0;
				MARKETING_VERSION = 4.0.0;
				PRODUCT_BUNDLE_IDENTIFIER = me.jkelol111.Iamages;
				PRODUCT_NAME = "$(TARGET_NAME)";
				SDKROOT = auto;
				SUPPORTED_PLATFORMS = "iphoneos iphonesimulator macosx";
				SWIFT_EMIT_LOC_STRINGS = YES;
				SWIFT_VERSION = 5.0;
				TARGETED_DEVICE_FAMILY = "1,2";
			};
			name = Release;
		};
/* End XCBuildConfiguration section */

/* Begin XCConfigurationList section */
		2E5E698628B5C3D100CFCA3C /* Build configuration list for PBXProject "Iamages" */ = {
			isa = XCConfigurationList;
			buildConfigurations = (
				2E5E699828B5C3D200CFCA3C /* Debug */,
				2E5E699928B5C3D200CFCA3C /* Release */,
			);
			defaultConfigurationIsVisible = 0;
			defaultConfigurationName = Release;
		};
		2E5E699A28B5C3D200CFCA3C /* Build configuration list for PBXNativeTarget "Iamages" */ = {
			isa = XCConfigurationList;
			buildConfigurations = (
				2E5E699B28B5C3D200CFCA3C /* Debug */,
				2E5E699C28B5C3D200CFCA3C /* Release */,
			);
			defaultConfigurationIsVisible = 0;
			defaultConfigurationName = Release;
		};
/* End XCConfigurationList section */

/* Begin XCRemoteSwiftPackageReference section */
		2E509E7C28F15AD900ABC072 /* XCRemoteSwiftPackageReference "GRDB.swift" */ = {
			isa = XCRemoteSwiftPackageReference;
			repositoryURL = "https://github.com/groue/GRDB.swift.git";
			requirement = {
				kind = upToNextMajorVersion;
				minimumVersion = 6.0.0;
			};
		};
		2E509E7F28F15AF600ABC072 /* XCRemoteSwiftPackageReference "GRDBQuery" */ = {
			isa = XCRemoteSwiftPackageReference;
			repositoryURL = "https://github.com/groue/GRDBQuery.git";
			requirement = {
				kind = upToNextMajorVersion;
				minimumVersion = 0.0.0;
			};
		};
		2E5E699D28B5C79F00CFCA3C /* XCRemoteSwiftPackageReference "KeychainAccess" */ = {
			isa = XCRemoteSwiftPackageReference;
			repositoryURL = "https://github.com/kishikawakatsumi/KeychainAccess.git";
			requirement = {
				kind = upToNextMajorVersion;
				minimumVersion = 4.0.0;
			};
		};
		2E5E69A028B5CDD700CFCA3C /* XCRemoteSwiftPackageReference "swift-multipart-formdata" */ = {
			isa = XCRemoteSwiftPackageReference;
			repositoryURL = "https://github.com/FelixHerrmann/swift-multipart-formdata.git";
			requirement = {
				kind = upToNextMajorVersion;
				minimumVersion = 1.0.0;
			};
		};
		2E73DF9828BA22DF009DDC24 /* XCRemoteSwiftPackageReference "Argon2Swift" */ = {
			isa = XCRemoteSwiftPackageReference;
			repositoryURL = "https://github.com/tmthecoder/Argon2Swift.git";
			requirement = {
				branch = main;
				kind = branch;
			};
		};
		2E8B2F9E28B5D0A80071780B /* XCRemoteSwiftPackageReference "Nuke" */ = {
			isa = XCRemoteSwiftPackageReference;
			repositoryURL = "https://github.com/kean/Nuke.git";
			requirement = {
				kind = upToNextMajorVersion;
				minimumVersion = 11.0.0;
			};
		};
/* End XCRemoteSwiftPackageReference section */

/* Begin XCSwiftPackageProductDependency section */
		2E509E7D28F15AD900ABC072 /* GRDB */ = {
			isa = XCSwiftPackageProductDependency;
			package = 2E509E7C28F15AD900ABC072 /* XCRemoteSwiftPackageReference "GRDB.swift" */;
			productName = GRDB;
		};
		2E509E8028F15AF600ABC072 /* GRDBQuery */ = {
			isa = XCSwiftPackageProductDependency;
			package = 2E509E7F28F15AF600ABC072 /* XCRemoteSwiftPackageReference "GRDBQuery" */;
			productName = GRDBQuery;
		};
		2E5E699E28B5C79F00CFCA3C /* KeychainAccess */ = {
			isa = XCSwiftPackageProductDependency;
			package = 2E5E699D28B5C79F00CFCA3C /* XCRemoteSwiftPackageReference "KeychainAccess" */;
			productName = KeychainAccess;
		};
		2E5E69A128B5CDD700CFCA3C /* MultipartFormData */ = {
			isa = XCSwiftPackageProductDependency;
			package = 2E5E69A028B5CDD700CFCA3C /* XCRemoteSwiftPackageReference "swift-multipart-formdata" */;
			productName = MultipartFormData;
		};
		2E73DF9928BA22DF009DDC24 /* Argon2Swift */ = {
			isa = XCSwiftPackageProductDependency;
			package = 2E73DF9828BA22DF009DDC24 /* XCRemoteSwiftPackageReference "Argon2Swift" */;
			productName = Argon2Swift;
		};
		2E8B2F9F28B5D0A80071780B /* NukeUI */ = {
			isa = XCSwiftPackageProductDependency;
			package = 2E8B2F9E28B5D0A80071780B /* XCRemoteSwiftPackageReference "Nuke" */;
			productName = NukeUI;
		};
/* End XCSwiftPackageProductDependency section */
	};
	rootObject = 2E5E698328B5C3D100CFCA3C /* Project object */;
}
